// !$*UTF8*$!
{
	archiveVersion = 1;
	classes = {
	};
	objectVersion = 46;
	objects = {

/* Begin PBXAggregateTarget section */
		93C72C57150578F800FC0846 /* Merge */ = {
			isa = PBXAggregateTarget;
			buildConfigurationList = 93C72C58150578F800FC0846 /* Build configuration list for PBXAggregateTarget "Merge" */;
			buildPhases = (
				93C72C5F1505797E00FC0846 /* ShellScript */,
			);
			dependencies = (
				93C72C5C1505795A00FC0846 /* PBXTargetDependency */,
				93C72C5E1505795A00FC0846 /* PBXTargetDependency */,
			);
			name = Merge;
			productName = Merge;
		};
/* End PBXAggregateTarget section */

/* Begin PBXBuildFile section */
		93C72BD3150575C400FC0846 /* boost.framework in Frameworks */ = {isa = PBXBuildFile; fileRef = 93F1E39A14EC55000031D2F1 /* boost.framework */; };
		93C72BD41505767500FC0846 /* BinaryDecoder.cc in Sources */ = {isa = PBXBuildFile; fileRef = 936B634A14D4A33900CDE104 /* BinaryDecoder.cc */; };
		93C72BD51505767500FC0846 /* BinaryEncoder.cc in Sources */ = {isa = PBXBuildFile; fileRef = 9317B3AB14D4A8C40079A430 /* BinaryEncoder.cc */; };
		93C72BD61505767500FC0846 /* Compiler.cc in Sources */ = {isa = PBXBuildFile; fileRef = 936B634B14D4A33900CDE104 /* Compiler.cc */; };
		93C72BD71505767500FC0846 /* DataFile.cc in Sources */ = {isa = PBXBuildFile; fileRef = 936B634D14D4A33900CDE104 /* DataFile.cc */; };
		93C72BD81505767500FC0846 /* FileStream.cc in Sources */ = {isa = PBXBuildFile; fileRef = 936B634E14D4A33900CDE104 /* FileStream.cc */; };
		93C72BD91505767500FC0846 /* Generic.cc in Sources */ = {isa = PBXBuildFile; fileRef = 936B634F14D4A33900CDE104 /* Generic.cc */; };
		93C72BDA1505767500FC0846 /* JsonDom.cc in Sources */ = {isa = PBXBuildFile; fileRef = 93F1E35C14EB2E0D0031D2F1 /* JsonDom.cc */; };
		93C72BDC1505767500FC0846 /* JsonIO.cc in Sources */ = {isa = PBXBuildFile; fileRef = 93F1E35E14EB2E0D0031D2F1 /* JsonIO.cc */; };
		93C72BDE1505767500FC0846 /* Node.cc in Sources */ = {isa = PBXBuildFile; fileRef = 936B635014D4A33900CDE104 /* Node.cc */; };
		93C72BDF1505767500FC0846 /* NodeImpl.cc in Sources */ = {isa = PBXBuildFile; fileRef = 936B635114D4A33900CDE104 /* NodeImpl.cc */; };
		93C72BE01505767500FC0846 /* JsonCodec.cc in Sources */ = {isa = PBXBuildFile; fileRef = 936B636B14D4A34F00CDE104 /* JsonCodec.cc */; };
		93C72BE11505767500FC0846 /* ResolvingDecoder.cc in Sources */ = {isa = PBXBuildFile; fileRef = 936B636C14D4A34F00CDE104 /* ResolvingDecoder.cc */; };
		93C72BE21505767500FC0846 /* Symbol.cc in Sources */ = {isa = PBXBuildFile; fileRef = 936B636D14D4A34F00CDE104 /* Symbol.cc */; };
		93C72BE41505767500FC0846 /* ValidatingCodec.cc in Sources */ = {isa = PBXBuildFile; fileRef = 936B636F14D4A34F00CDE104 /* ValidatingCodec.cc */; };
		93C72BE61505767500FC0846 /* Resolver.cc in Sources */ = {isa = PBXBuildFile; fileRef = 936B635214D4A33900CDE104 /* Resolver.cc */; };
		93C72BE71505767500FC0846 /* ResolverSchema.cc in Sources */ = {isa = PBXBuildFile; fileRef = 936B635314D4A33900CDE104 /* ResolverSchema.cc */; };
		93C72BE81505767500FC0846 /* Schema.cc in Sources */ = {isa = PBXBuildFile; fileRef = 936B635414D4A33900CDE104 /* Schema.cc */; };
		93C72BE91505767500FC0846 /* Stream.cc in Sources */ = {isa = PBXBuildFile; fileRef = 936B635514D4A33900CDE104 /* Stream.cc */; };
		93C72BEA1505767500FC0846 /* Types.cc in Sources */ = {isa = PBXBuildFile; fileRef = 936B635614D4A33900CDE104 /* Types.cc */; };
		93C72BEB1505767500FC0846 /* Validator.cc in Sources */ = {isa = PBXBuildFile; fileRef = 936B635714D4A33900CDE104 /* Validator.cc */; };
		93C72BEC1505767500FC0846 /* ValidSchema.cc in Sources */ = {isa = PBXBuildFile; fileRef = 936B635814D4A33900CDE104 /* ValidSchema.cc */; };
		93C72BED1505767500FC0846 /* Zigzag.cc in Sources */ = {isa = PBXBuildFile; fileRef = 936B635914D4A33900CDE104 /* Zigzag.cc */; };
		93C72BEE1505768100FC0846 /* Buffer.hh in Headers */ = {isa = PBXBuildFile; fileRef = 936B633A14D4A22700CDE104 /* Buffer.hh */; settings = {ATTRIBUTES = (Public, ); }; };
		93C72BEF1505768100FC0846 /* BufferPrint.hh in Headers */ = {isa = PBXBuildFile; fileRef = 936B633B14D4A22700CDE104 /* BufferPrint.hh */; settings = {ATTRIBUTES = (Public, ); }; };
		93C72BF01505768100FC0846 /* BufferReader.hh in Headers */ = {isa = PBXBuildFile; fileRef = 936B633C14D4A22700CDE104 /* BufferReader.hh */; settings = {ATTRIBUTES = (Public, ); }; };
		93C72BF11505768100FC0846 /* BufferStream.hh in Headers */ = {isa = PBXBuildFile; fileRef = 936B633D14D4A22700CDE104 /* BufferStream.hh */; settings = {ATTRIBUTES = (Public, ); }; };
		93C72BF21505768100FC0846 /* BufferStreambuf.hh in Headers */ = {isa = PBXBuildFile; fileRef = 936B633E14D4A22700CDE104 /* BufferStreambuf.hh */; settings = {ATTRIBUTES = (Public, ); }; };
		93C72BF31505768100FC0846 /* BufferDetail.hh in Headers */ = {isa = PBXBuildFile; fileRef = 936B634014D4A22700CDE104 /* BufferDetail.hh */; settings = {ATTRIBUTES = (Public, ); }; };
		93C72BF41505768100FC0846 /* BufferDetailIterator.hh in Headers */ = {isa = PBXBuildFile; fileRef = 936B634114D4A22700CDE104 /* BufferDetailIterator.hh */; settings = {ATTRIBUTES = (Public, ); }; };
		93C72BF51505768100FC0846 /* AvroParse.hh in Headers */ = {isa = PBXBuildFile; fileRef = 936B62FF14D4A1F900CDE104 /* AvroParse.hh */; settings = {ATTRIBUTES = (Public, ); }; };
		93C72BF61505768100FC0846 /* AvroSerialize.hh in Headers */ = {isa = PBXBuildFile; fileRef = 936B630014D4A1F900CDE104 /* AvroSerialize.hh */; settings = {ATTRIBUTES = (Public, ); }; };
		93C72BF71505768100FC0846 /* AvroTraits.hh in Headers */ = {isa = PBXBuildFile; fileRef = 936B630114D4A1F900CDE104 /* AvroTraits.hh */; settings = {ATTRIBUTES = (Public, ); }; };
		93C72BF81505768200FC0846 /* Boost.hh in Headers */ = {isa = PBXBuildFile; fileRef = 936B630214D4A1F900CDE104 /* Boost.hh */; settings = {ATTRIBUTES = (Public, ); }; };
		93C72BF91505768200FC0846 /* Compiler.hh in Headers */ = {isa = PBXBuildFile; fileRef = 936B630314D4A1F900CDE104 /* Compiler.hh */; settings = {ATTRIBUTES = (Public, ); }; };
		93C72BFA1505768200FC0846 /* Config.hh in Headers */ = {isa = PBXBuildFile; fileRef = 93F1E35714EB2DEA0031D2F1 /* Config.hh */; settings = {ATTRIBUTES = (Public, ); }; };
		93C72BFB1505768200FC0846 /* DataFile.hh in Headers */ = {isa = PBXBuildFile; fileRef = 936B630514D4A1F900CDE104 /* DataFile.hh */; settings = {ATTRIBUTES = (Public, ); }; };
		93C72BFC1505768200FC0846 /* Decoder.hh in Headers */ = {isa = PBXBuildFile; fileRef = 936B630614D4A1F900CDE104 /* Decoder.hh */; settings = {ATTRIBUTES = (Public, ); }; };
		93C72BFD1505768200FC0846 /* Encoder.hh in Headers */ = {isa = PBXBuildFile; fileRef = 9317B3AD14D4A8DE0079A430 /* Encoder.hh */; settings = {ATTRIBUTES = (Public, ); }; };
		93C72BFE1505768200FC0846 /* Exception.hh in Headers */ = {isa = PBXBuildFile; fileRef = 936B630714D4A1F900CDE104 /* Exception.hh */; settings = {ATTRIBUTES = (Public, ); }; };
		93C72BFF1505768200FC0846 /* Generic.hh in Headers */ = {isa = PBXBuildFile; fileRef = 936B630814D4A1F900CDE104 /* Generic.hh */; settings = {ATTRIBUTES = (Public, ); }; };
		93C72C001505768200FC0846 /* Layout.hh in Headers */ = {isa = PBXBuildFile; fileRef = 936B630914D4A1F900CDE104 /* Layout.hh */; settings = {ATTRIBUTES = (Public, ); }; };
		93C72C011505768200FC0846 /* Node.hh in Headers */ = {isa = PBXBuildFile; fileRef = 936B630A14D4A1F900CDE104 /* Node.hh */; settings = {ATTRIBUTES = (Public, ); }; };
		93C72C021505768200FC0846 /* NodeConcepts.hh in Headers */ = {isa = PBXBuildFile; fileRef = 936B630B14D4A1F900CDE104 /* NodeConcepts.hh */; settings = {ATTRIBUTES = (Public, ); }; };
		93C72C031505768200FC0846 /* NodeImpl.hh in Headers */ = {isa = PBXBuildFile; fileRef = 936B630C14D4A1F900CDE104 /* NodeImpl.hh */; settings = {ATTRIBUTES = (Public, ); }; };
		93C72C041505768200FC0846 /* Parser.hh in Headers */ = {isa = PBXBuildFile; fileRef = 936B630D14D4A1F900CDE104 /* Parser.hh */; settings = {ATTRIBUTES = (Public, ); }; };
		93C72C051505768200FC0846 /* Reader.hh in Headers */ = {isa = PBXBuildFile; fileRef = 936B630E14D4A1F900CDE104 /* Reader.hh */; settings = {ATTRIBUTES = (Public, ); }; };
		93C72C061505768200FC0846 /* Resolver.hh in Headers */ = {isa = PBXBuildFile; fileRef = 936B630F14D4A1F900CDE104 /* Resolver.hh */; settings = {ATTRIBUTES = (Public, ); }; };
		93C72C071505768200FC0846 /* ResolverSchema.hh in Headers */ = {isa = PBXBuildFile; fileRef = 936B631014D4A1F900CDE104 /* ResolverSchema.hh */; settings = {ATTRIBUTES = (Public, ); }; };
		93C72C081505768200FC0846 /* ResolvingReader.hh in Headers */ = {isa = PBXBuildFile; fileRef = 936B631114D4A1F900CDE104 /* ResolvingReader.hh */; settings = {ATTRIBUTES = (Public, ); }; };
		93C72C091505768200FC0846 /* Schema.hh in Headers */ = {isa = PBXBuildFile; fileRef = 936B631214D4A1F900CDE104 /* Schema.hh */; settings = {ATTRIBUTES = (Public, ); }; };
		93C72C0A1505768200FC0846 /* SchemaResolution.hh in Headers */ = {isa = PBXBuildFile; fileRef = 936B631314D4A1F900CDE104 /* SchemaResolution.hh */; settings = {ATTRIBUTES = (Public, ); }; };
		93C72C0B1505768200FC0846 /* Serializer.hh in Headers */ = {isa = PBXBuildFile; fileRef = 936B631414D4A1F900CDE104 /* Serializer.hh */; settings = {ATTRIBUTES = (Public, ); }; };
		93C72C0C1505768200FC0846 /* Specific.hh in Headers */ = {isa = PBXBuildFile; fileRef = 936B631514D4A1F900CDE104 /* Specific.hh */; settings = {ATTRIBUTES = (Public, ); }; };
		93C72C0D1505768200FC0846 /* Stream.hh in Headers */ = {isa = PBXBuildFile; fileRef = 936B631614D4A1F900CDE104 /* Stream.hh */; settings = {ATTRIBUTES = (Public, ); }; };
		93C72C0E1505768200FC0846 /* Types.hh in Headers */ = {isa = PBXBuildFile; fileRef = 936B631814D4A1F900CDE104 /* Types.hh */; settings = {ATTRIBUTES = (Public, ); }; };
		93C72C0F1505768200FC0846 /* Validator.hh in Headers */ = {isa = PBXBuildFile; fileRef = 936B631914D4A1F900CDE104 /* Validator.hh */; settings = {ATTRIBUTES = (Public, ); }; };
		93C72C101505768200FC0846 /* ValidSchema.hh in Headers */ = {isa = PBXBuildFile; fileRef = 936B631A14D4A1F900CDE104 /* ValidSchema.hh */; settings = {ATTRIBUTES = (Public, ); }; };
		93C72C111505768200FC0846 /* Writer.hh in Headers */ = {isa = PBXBuildFile; fileRef = 93F1E35814EB2DEA0031D2F1 /* Writer.hh */; settings = {ATTRIBUTES = (Public, ); }; };
		93C72C121505768200FC0846 /* Zigzag.hh in Headers */ = {isa = PBXBuildFile; fileRef = 936B631B14D4A1F900CDE104 /* Zigzag.hh */; settings = {ATTRIBUTES = (Public, ); }; };
		93C72C151505770D00FC0846 /* BinaryDecoder.cc in Sources */ = {isa = PBXBuildFile; fileRef = 936B634A14D4A33900CDE104 /* BinaryDecoder.cc */; };
		93C72C161505770D00FC0846 /* BinaryEncoder.cc in Sources */ = {isa = PBXBuildFile; fileRef = 9317B3AB14D4A8C40079A430 /* BinaryEncoder.cc */; };
		93C72C171505770D00FC0846 /* Compiler.cc in Sources */ = {isa = PBXBuildFile; fileRef = 936B634B14D4A33900CDE104 /* Compiler.cc */; };
		93C72C181505770D00FC0846 /* DataFile.cc in Sources */ = {isa = PBXBuildFile; fileRef = 936B634D14D4A33900CDE104 /* DataFile.cc */; };
		93C72C191505770D00FC0846 /* FileStream.cc in Sources */ = {isa = PBXBuildFile; fileRef = 936B634E14D4A33900CDE104 /* FileStream.cc */; };
		93C72C1A1505770D00FC0846 /* Generic.cc in Sources */ = {isa = PBXBuildFile; fileRef = 936B634F14D4A33900CDE104 /* Generic.cc */; };
		93C72C1B1505770D00FC0846 /* JsonDom.cc in Sources */ = {isa = PBXBuildFile; fileRef = 93F1E35C14EB2E0D0031D2F1 /* JsonDom.cc */; };
		93C72C1C1505770D00FC0846 /* JsonIO.cc in Sources */ = {isa = PBXBuildFile; fileRef = 93F1E35E14EB2E0D0031D2F1 /* JsonIO.cc */; };
		93C72C1D1505770D00FC0846 /* Node.cc in Sources */ = {isa = PBXBuildFile; fileRef = 936B635014D4A33900CDE104 /* Node.cc */; };
		93C72C1E1505770D00FC0846 /* NodeImpl.cc in Sources */ = {isa = PBXBuildFile; fileRef = 936B635114D4A33900CDE104 /* NodeImpl.cc */; };
		93C72C1F1505770D00FC0846 /* JsonCodec.cc in Sources */ = {isa = PBXBuildFile; fileRef = 936B636B14D4A34F00CDE104 /* JsonCodec.cc */; };
		93C72C201505770D00FC0846 /* ResolvingDecoder.cc in Sources */ = {isa = PBXBuildFile; fileRef = 936B636C14D4A34F00CDE104 /* ResolvingDecoder.cc */; };
		93C72C211505770D00FC0846 /* Symbol.cc in Sources */ = {isa = PBXBuildFile; fileRef = 936B636D14D4A34F00CDE104 /* Symbol.cc */; };
		93C72C221505770D00FC0846 /* ValidatingCodec.cc in Sources */ = {isa = PBXBuildFile; fileRef = 936B636F14D4A34F00CDE104 /* ValidatingCodec.cc */; };
		93C72C231505770D00FC0846 /* Resolver.cc in Sources */ = {isa = PBXBuildFile; fileRef = 936B635214D4A33900CDE104 /* Resolver.cc */; };
		93C72C241505770D00FC0846 /* ResolverSchema.cc in Sources */ = {isa = PBXBuildFile; fileRef = 936B635314D4A33900CDE104 /* ResolverSchema.cc */; };
		93C72C251505770D00FC0846 /* Schema.cc in Sources */ = {isa = PBXBuildFile; fileRef = 936B635414D4A33900CDE104 /* Schema.cc */; };
		93C72C261505770D00FC0846 /* Stream.cc in Sources */ = {isa = PBXBuildFile; fileRef = 936B635514D4A33900CDE104 /* Stream.cc */; };
		93C72C271505770D00FC0846 /* Types.cc in Sources */ = {isa = PBXBuildFile; fileRef = 936B635614D4A33900CDE104 /* Types.cc */; };
		93C72C281505770D00FC0846 /* Validator.cc in Sources */ = {isa = PBXBuildFile; fileRef = 936B635714D4A33900CDE104 /* Validator.cc */; };
		93C72C291505770D00FC0846 /* ValidSchema.cc in Sources */ = {isa = PBXBuildFile; fileRef = 936B635814D4A33900CDE104 /* ValidSchema.cc */; };
		93C72C2A1505770D00FC0846 /* Zigzag.cc in Sources */ = {isa = PBXBuildFile; fileRef = 936B635914D4A33900CDE104 /* Zigzag.cc */; };
		93C72C2C1505770D00FC0846 /* boost.framework in Frameworks */ = {isa = PBXBuildFile; fileRef = 93F1E39A14EC55000031D2F1 /* boost.framework */; };
		93C72C2E1505770D00FC0846 /* Buffer.hh in Headers */ = {isa = PBXBuildFile; fileRef = 936B633A14D4A22700CDE104 /* Buffer.hh */; settings = {ATTRIBUTES = (Public, ); }; };
		93C72C2F1505770D00FC0846 /* BufferPrint.hh in Headers */ = {isa = PBXBuildFile; fileRef = 936B633B14D4A22700CDE104 /* BufferPrint.hh */; settings = {ATTRIBUTES = (Public, ); }; };
		93C72C301505770D00FC0846 /* BufferReader.hh in Headers */ = {isa = PBXBuildFile; fileRef = 936B633C14D4A22700CDE104 /* BufferReader.hh */; settings = {ATTRIBUTES = (Public, ); }; };
		93C72C311505770D00FC0846 /* BufferStream.hh in Headers */ = {isa = PBXBuildFile; fileRef = 936B633D14D4A22700CDE104 /* BufferStream.hh */; settings = {ATTRIBUTES = (Public, ); }; };
		93C72C321505770D00FC0846 /* BufferStreambuf.hh in Headers */ = {isa = PBXBuildFile; fileRef = 936B633E14D4A22700CDE104 /* BufferStreambuf.hh */; settings = {ATTRIBUTES = (Public, ); }; };
		93C72C331505770D00FC0846 /* BufferDetail.hh in Headers */ = {isa = PBXBuildFile; fileRef = 936B634014D4A22700CDE104 /* BufferDetail.hh */; settings = {ATTRIBUTES = (Public, ); }; };
		93C72C341505770D00FC0846 /* BufferDetailIterator.hh in Headers */ = {isa = PBXBuildFile; fileRef = 936B634114D4A22700CDE104 /* BufferDetailIterator.hh */; settings = {ATTRIBUTES = (Public, ); }; };
		93C72C351505770D00FC0846 /* AvroParse.hh in Headers */ = {isa = PBXBuildFile; fileRef = 936B62FF14D4A1F900CDE104 /* AvroParse.hh */; settings = {ATTRIBUTES = (Public, ); }; };
		93C72C361505770D00FC0846 /* AvroSerialize.hh in Headers */ = {isa = PBXBuildFile; fileRef = 936B630014D4A1F900CDE104 /* AvroSerialize.hh */; settings = {ATTRIBUTES = (Public, ); }; };
		93C72C371505770D00FC0846 /* AvroTraits.hh in Headers */ = {isa = PBXBuildFile; fileRef = 936B630114D4A1F900CDE104 /* AvroTraits.hh */; settings = {ATTRIBUTES = (Public, ); }; };
		93C72C381505770D00FC0846 /* Boost.hh in Headers */ = {isa = PBXBuildFile; fileRef = 936B630214D4A1F900CDE104 /* Boost.hh */; settings = {ATTRIBUTES = (Public, ); }; };
		93C72C391505770D00FC0846 /* Compiler.hh in Headers */ = {isa = PBXBuildFile; fileRef = 936B630314D4A1F900CDE104 /* Compiler.hh */; settings = {ATTRIBUTES = (Public, ); }; };
		93C72C3A1505770D00FC0846 /* Config.hh in Headers */ = {isa = PBXBuildFile; fileRef = 93F1E35714EB2DEA0031D2F1 /* Config.hh */; settings = {ATTRIBUTES = (Public, ); }; };
		93C72C3B1505770D00FC0846 /* DataFile.hh in Headers */ = {isa = PBXBuildFile; fileRef = 936B630514D4A1F900CDE104 /* DataFile.hh */; settings = {ATTRIBUTES = (Public, ); }; };
		93C72C3C1505770D00FC0846 /* Decoder.hh in Headers */ = {isa = PBXBuildFile; fileRef = 936B630614D4A1F900CDE104 /* Decoder.hh */; settings = {ATTRIBUTES = (Public, ); }; };
		93C72C3D1505770D00FC0846 /* Encoder.hh in Headers */ = {isa = PBXBuildFile; fileRef = 9317B3AD14D4A8DE0079A430 /* Encoder.hh */; settings = {ATTRIBUTES = (Public, ); }; };
		93C72C3E1505770D00FC0846 /* Exception.hh in Headers */ = {isa = PBXBuildFile; fileRef = 936B630714D4A1F900CDE104 /* Exception.hh */; settings = {ATTRIBUTES = (Public, ); }; };
		93C72C3F1505770D00FC0846 /* Generic.hh in Headers */ = {isa = PBXBuildFile; fileRef = 936B630814D4A1F900CDE104 /* Generic.hh */; settings = {ATTRIBUTES = (Public, ); }; };
		93C72C401505770D00FC0846 /* Layout.hh in Headers */ = {isa = PBXBuildFile; fileRef = 936B630914D4A1F900CDE104 /* Layout.hh */; settings = {ATTRIBUTES = (Public, ); }; };
		93C72C411505770D00FC0846 /* Node.hh in Headers */ = {isa = PBXBuildFile; fileRef = 936B630A14D4A1F900CDE104 /* Node.hh */; settings = {ATTRIBUTES = (Public, ); }; };
		93C72C421505770D00FC0846 /* NodeConcepts.hh in Headers */ = {isa = PBXBuildFile; fileRef = 936B630B14D4A1F900CDE104 /* NodeConcepts.hh */; settings = {ATTRIBUTES = (Public, ); }; };
		93C72C431505770D00FC0846 /* NodeImpl.hh in Headers */ = {isa = PBXBuildFile; fileRef = 936B630C14D4A1F900CDE104 /* NodeImpl.hh */; settings = {ATTRIBUTES = (Public, ); }; };
		93C72C441505770D00FC0846 /* Parser.hh in Headers */ = {isa = PBXBuildFile; fileRef = 936B630D14D4A1F900CDE104 /* Parser.hh */; settings = {ATTRIBUTES = (Public, ); }; };
		93C72C451505770D00FC0846 /* Reader.hh in Headers */ = {isa = PBXBuildFile; fileRef = 936B630E14D4A1F900CDE104 /* Reader.hh */; settings = {ATTRIBUTES = (Public, ); }; };
		93C72C461505770D00FC0846 /* Resolver.hh in Headers */ = {isa = PBXBuildFile; fileRef = 936B630F14D4A1F900CDE104 /* Resolver.hh */; settings = {ATTRIBUTES = (Public, ); }; };
		93C72C471505770D00FC0846 /* ResolverSchema.hh in Headers */ = {isa = PBXBuildFile; fileRef = 936B631014D4A1F900CDE104 /* ResolverSchema.hh */; settings = {ATTRIBUTES = (Public, ); }; };
		93C72C481505770D00FC0846 /* ResolvingReader.hh in Headers */ = {isa = PBXBuildFile; fileRef = 936B631114D4A1F900CDE104 /* ResolvingReader.hh */; settings = {ATTRIBUTES = (Public, ); }; };
		93C72C491505770D00FC0846 /* Schema.hh in Headers */ = {isa = PBXBuildFile; fileRef = 936B631214D4A1F900CDE104 /* Schema.hh */; settings = {ATTRIBUTES = (Public, ); }; };
		93C72C4A1505770D00FC0846 /* SchemaResolution.hh in Headers */ = {isa = PBXBuildFile; fileRef = 936B631314D4A1F900CDE104 /* SchemaResolution.hh */; settings = {ATTRIBUTES = (Public, ); }; };
		93C72C4B1505770D00FC0846 /* Serializer.hh in Headers */ = {isa = PBXBuildFile; fileRef = 936B631414D4A1F900CDE104 /* Serializer.hh */; settings = {ATTRIBUTES = (Public, ); }; };
		93C72C4C1505770D00FC0846 /* Specific.hh in Headers */ = {isa = PBXBuildFile; fileRef = 936B631514D4A1F900CDE104 /* Specific.hh */; settings = {ATTRIBUTES = (Public, ); }; };
		93C72C4D1505770D00FC0846 /* Stream.hh in Headers */ = {isa = PBXBuildFile; fileRef = 936B631614D4A1F900CDE104 /* Stream.hh */; settings = {ATTRIBUTES = (Public, ); }; };
		93C72C4E1505770D00FC0846 /* Types.hh in Headers */ = {isa = PBXBuildFile; fileRef = 936B631814D4A1F900CDE104 /* Types.hh */; settings = {ATTRIBUTES = (Public, ); }; };
		93C72C4F1505770D00FC0846 /* Validator.hh in Headers */ = {isa = PBXBuildFile; fileRef = 936B631914D4A1F900CDE104 /* Validator.hh */; settings = {ATTRIBUTES = (Public, ); }; };
		93C72C501505770D00FC0846 /* ValidSchema.hh in Headers */ = {isa = PBXBuildFile; fileRef = 936B631A14D4A1F900CDE104 /* ValidSchema.hh */; settings = {ATTRIBUTES = (Public, ); }; };
		93C72C511505770D00FC0846 /* Writer.hh in Headers */ = {isa = PBXBuildFile; fileRef = 93F1E35814EB2DEA0031D2F1 /* Writer.hh */; settings = {ATTRIBUTES = (Public, ); }; };
		93C72C521505770D00FC0846 /* Zigzag.hh in Headers */ = {isa = PBXBuildFile; fileRef = 936B631B14D4A1F900CDE104 /* Zigzag.hh */; settings = {ATTRIBUTES = (Public, ); }; };
/* End PBXBuildFile section */

/* Begin PBXContainerItemProxy section */
		93C72C5B1505795A00FC0846 /* PBXContainerItemProxy */ = {
			isa = PBXContainerItemProxy;
			containerPortal = 936B62CA14D49BBD00CDE104 /* Project object */;
			proxyType = 1;
			remoteGlobalIDString = 93C72BC71505757A00FC0846;
			remoteInfo = "avro simulator";
		};
		93C72C5D1505795A00FC0846 /* PBXContainerItemProxy */ = {
			isa = PBXContainerItemProxy;
			containerPortal = 936B62CA14D49BBD00CDE104 /* Project object */;
			proxyType = 1;
			remoteGlobalIDString = 93C72C131505770D00FC0846;
			remoteInfo = "avro device";
		};
/* End PBXContainerItemProxy section */

/* Begin PBXFileReference section */
		9317B3AB14D4A8C40079A430 /* BinaryEncoder.cc */ = {isa = PBXFileReference; fileEncoding = 4; lastKnownFileType = sourcecode.cpp.cpp; name = BinaryEncoder.cc; path = "../../c++/impl/BinaryEncoder.cc"; sourceTree = "<group>"; };
		9317B3AD14D4A8DE0079A430 /* Encoder.hh */ = {isa = PBXFileReference; fileEncoding = 4; lastKnownFileType = sourcecode.cpp.h; name = Encoder.hh; path = "../../c++/api/Encoder.hh"; sourceTree = "<group>"; };
		9317B3D014D6636F0079A430 /* avrogenobjc.cc */ = {isa = PBXFileReference; fileEncoding = 4; lastKnownFileType = sourcecode.cpp.cpp; name = avrogenobjc.cc; path = "../../c++/impl/avrogenobjc.cc"; sourceTree = "<group>"; };
		9328914014DB414F004EDE98 /* AvroLex.ll */ = {isa = PBXFileReference; fileEncoding = 4; lastKnownFileType = sourcecode.asm.llvm; path = AvroLex.ll; sourceTree = "<group>"; };
		9328914114DB414F004EDE98 /* AvroYacc.yy */ = {isa = PBXFileReference; fileEncoding = 4; lastKnownFileType = text; path = AvroYacc.yy; sourceTree = "<group>"; };
		936B62FF14D4A1F900CDE104 /* AvroParse.hh */ = {isa = PBXFileReference; fileEncoding = 4; lastKnownFileType = sourcecode.cpp.h; name = AvroParse.hh; path = "../../c++/api/AvroParse.hh"; sourceTree = "<group>"; };
		936B630014D4A1F900CDE104 /* AvroSerialize.hh */ = {isa = PBXFileReference; fileEncoding = 4; lastKnownFileType = sourcecode.cpp.h; name = AvroSerialize.hh; path = "../../c++/api/AvroSerialize.hh"; sourceTree = "<group>"; };
		936B630114D4A1F900CDE104 /* AvroTraits.hh */ = {isa = PBXFileReference; fileEncoding = 4; lastKnownFileType = sourcecode.cpp.h; name = AvroTraits.hh; path = "../../c++/api/AvroTraits.hh"; sourceTree = "<group>"; };
		936B630214D4A1F900CDE104 /* Boost.hh */ = {isa = PBXFileReference; fileEncoding = 4; lastKnownFileType = sourcecode.cpp.h; name = Boost.hh; path = "../../c++/api/Boost.hh"; sourceTree = "<group>"; };
		936B630314D4A1F900CDE104 /* Compiler.hh */ = {isa = PBXFileReference; fileEncoding = 4; lastKnownFileType = sourcecode.cpp.h; name = Compiler.hh; path = "../../c++/api/Compiler.hh"; sourceTree = "<group>"; };
		936B630514D4A1F900CDE104 /* DataFile.hh */ = {isa = PBXFileReference; fileEncoding = 4; lastKnownFileType = sourcecode.cpp.h; name = DataFile.hh; path = "../../c++/api/DataFile.hh"; sourceTree = "<group>"; };
		936B630614D4A1F900CDE104 /* Decoder.hh */ = {isa = PBXFileReference; fileEncoding = 4; lastKnownFileType = sourcecode.cpp.h; name = Decoder.hh; path = "../../c++/api/Decoder.hh"; sourceTree = "<group>"; };
		936B630714D4A1F900CDE104 /* Exception.hh */ = {isa = PBXFileReference; fileEncoding = 4; lastKnownFileType = sourcecode.cpp.h; name = Exception.hh; path = "../../c++/api/Exception.hh"; sourceTree = "<group>"; };
		936B630814D4A1F900CDE104 /* Generic.hh */ = {isa = PBXFileReference; fileEncoding = 4; lastKnownFileType = sourcecode.cpp.h; name = Generic.hh; path = "../../c++/api/Generic.hh"; sourceTree = "<group>"; };
		936B630914D4A1F900CDE104 /* Layout.hh */ = {isa = PBXFileReference; fileEncoding = 4; lastKnownFileType = sourcecode.cpp.h; name = Layout.hh; path = "../../c++/api/Layout.hh"; sourceTree = "<group>"; };
		936B630A14D4A1F900CDE104 /* Node.hh */ = {isa = PBXFileReference; fileEncoding = 4; lastKnownFileType = sourcecode.cpp.h; name = Node.hh; path = "../../c++/api/Node.hh"; sourceTree = "<group>"; };
		936B630B14D4A1F900CDE104 /* NodeConcepts.hh */ = {isa = PBXFileReference; fileEncoding = 4; lastKnownFileType = sourcecode.cpp.h; name = NodeConcepts.hh; path = "../../c++/api/NodeConcepts.hh"; sourceTree = "<group>"; };
		936B630C14D4A1F900CDE104 /* NodeImpl.hh */ = {isa = PBXFileReference; fileEncoding = 4; lastKnownFileType = sourcecode.cpp.h; name = NodeImpl.hh; path = "../../c++/api/NodeImpl.hh"; sourceTree = "<group>"; };
		936B630D14D4A1F900CDE104 /* Parser.hh */ = {isa = PBXFileReference; fileEncoding = 4; lastKnownFileType = sourcecode.cpp.h; name = Parser.hh; path = "../../c++/api/Parser.hh"; sourceTree = "<group>"; };
		936B630E14D4A1F900CDE104 /* Reader.hh */ = {isa = PBXFileReference; fileEncoding = 4; lastKnownFileType = sourcecode.cpp.h; name = Reader.hh; path = "../../c++/api/Reader.hh"; sourceTree = "<group>"; };
		936B630F14D4A1F900CDE104 /* Resolver.hh */ = {isa = PBXFileReference; fileEncoding = 4; lastKnownFileType = sourcecode.cpp.h; name = Resolver.hh; path = "../../c++/api/Resolver.hh"; sourceTree = "<group>"; };
		936B631014D4A1F900CDE104 /* ResolverSchema.hh */ = {isa = PBXFileReference; fileEncoding = 4; lastKnownFileType = sourcecode.cpp.h; name = ResolverSchema.hh; path = "../../c++/api/ResolverSchema.hh"; sourceTree = "<group>"; };
		936B631114D4A1F900CDE104 /* ResolvingReader.hh */ = {isa = PBXFileReference; fileEncoding = 4; lastKnownFileType = sourcecode.cpp.h; name = ResolvingReader.hh; path = "../../c++/api/ResolvingReader.hh"; sourceTree = "<group>"; };
		936B631214D4A1F900CDE104 /* Schema.hh */ = {isa = PBXFileReference; fileEncoding = 4; lastKnownFileType = sourcecode.cpp.h; name = Schema.hh; path = "../../c++/api/Schema.hh"; sourceTree = "<group>"; };
		936B631314D4A1F900CDE104 /* SchemaResolution.hh */ = {isa = PBXFileReference; fileEncoding = 4; lastKnownFileType = sourcecode.cpp.h; name = SchemaResolution.hh; path = "../../c++/api/SchemaResolution.hh"; sourceTree = "<group>"; };
		936B631414D4A1F900CDE104 /* Serializer.hh */ = {isa = PBXFileReference; fileEncoding = 4; lastKnownFileType = sourcecode.cpp.h; name = Serializer.hh; path = "../../c++/api/Serializer.hh"; sourceTree = "<group>"; };
		936B631514D4A1F900CDE104 /* Specific.hh */ = {isa = PBXFileReference; fileEncoding = 4; lastKnownFileType = sourcecode.cpp.h; name = Specific.hh; path = "../../c++/api/Specific.hh"; sourceTree = "<group>"; };
		936B631614D4A1F900CDE104 /* Stream.hh */ = {isa = PBXFileReference; fileEncoding = 4; lastKnownFileType = sourcecode.cpp.h; name = Stream.hh; path = "../../c++/api/Stream.hh"; sourceTree = "<group>"; };
		936B631814D4A1F900CDE104 /* Types.hh */ = {isa = PBXFileReference; fileEncoding = 4; lastKnownFileType = sourcecode.cpp.h; name = Types.hh; path = "../../c++/api/Types.hh"; sourceTree = "<group>"; };
		936B631914D4A1F900CDE104 /* Validator.hh */ = {isa = PBXFileReference; fileEncoding = 4; lastKnownFileType = sourcecode.cpp.h; name = Validator.hh; path = "../../c++/api/Validator.hh"; sourceTree = "<group>"; };
		936B631A14D4A1F900CDE104 /* ValidSchema.hh */ = {isa = PBXFileReference; fileEncoding = 4; lastKnownFileType = sourcecode.cpp.h; name = ValidSchema.hh; path = "../../c++/api/ValidSchema.hh"; sourceTree = "<group>"; };
		936B631B14D4A1F900CDE104 /* Zigzag.hh */ = {isa = PBXFileReference; fileEncoding = 4; lastKnownFileType = sourcecode.cpp.h; name = Zigzag.hh; path = "../../c++/api/Zigzag.hh"; sourceTree = "<group>"; };
		936B633A14D4A22700CDE104 /* Buffer.hh */ = {isa = PBXFileReference; fileEncoding = 4; lastKnownFileType = sourcecode.cpp.h; name = Buffer.hh; path = "../../c++/api/buffer/Buffer.hh"; sourceTree = "<group>"; };
		936B633B14D4A22700CDE104 /* BufferPrint.hh */ = {isa = PBXFileReference; fileEncoding = 4; lastKnownFileType = sourcecode.cpp.h; name = BufferPrint.hh; path = "../../c++/api/buffer/BufferPrint.hh"; sourceTree = "<group>"; };
		936B633C14D4A22700CDE104 /* BufferReader.hh */ = {isa = PBXFileReference; fileEncoding = 4; lastKnownFileType = sourcecode.cpp.h; name = BufferReader.hh; path = "../../c++/api/buffer/BufferReader.hh"; sourceTree = "<group>"; };
		936B633D14D4A22700CDE104 /* BufferStream.hh */ = {isa = PBXFileReference; fileEncoding = 4; lastKnownFileType = sourcecode.cpp.h; name = BufferStream.hh; path = "../../c++/api/buffer/BufferStream.hh"; sourceTree = "<group>"; };
		936B633E14D4A22700CDE104 /* BufferStreambuf.hh */ = {isa = PBXFileReference; fileEncoding = 4; lastKnownFileType = sourcecode.cpp.h; name = BufferStreambuf.hh; path = "../../c++/api/buffer/BufferStreambuf.hh"; sourceTree = "<group>"; };
		936B634014D4A22700CDE104 /* BufferDetail.hh */ = {isa = PBXFileReference; fileEncoding = 4; lastKnownFileType = sourcecode.cpp.h; path = BufferDetail.hh; sourceTree = "<group>"; };
		936B634114D4A22700CDE104 /* BufferDetailIterator.hh */ = {isa = PBXFileReference; fileEncoding = 4; lastKnownFileType = sourcecode.cpp.h; path = BufferDetailIterator.hh; sourceTree = "<group>"; };
		936B634A14D4A33900CDE104 /* BinaryDecoder.cc */ = {isa = PBXFileReference; fileEncoding = 4; lastKnownFileType = sourcecode.cpp.cpp; name = BinaryDecoder.cc; path = "../../c++/impl/BinaryDecoder.cc"; sourceTree = "<group>"; };
		936B634B14D4A33900CDE104 /* Compiler.cc */ = {isa = PBXFileReference; fileEncoding = 4; lastKnownFileType = sourcecode.cpp.cpp; name = Compiler.cc; path = "../../c++/impl/Compiler.cc"; sourceTree = "<group>"; };
		936B634D14D4A33900CDE104 /* DataFile.cc */ = {isa = PBXFileReference; fileEncoding = 4; lastKnownFileType = sourcecode.cpp.cpp; name = DataFile.cc; path = "../../c++/impl/DataFile.cc"; sourceTree = "<group>"; };
		936B634E14D4A33900CDE104 /* FileStream.cc */ = {isa = PBXFileReference; fileEncoding = 4; lastKnownFileType = sourcecode.cpp.cpp; name = FileStream.cc; path = "../../c++/impl/FileStream.cc"; sourceTree = "<group>"; };
		936B634F14D4A33900CDE104 /* Generic.cc */ = {isa = PBXFileReference; fileEncoding = 4; lastKnownFileType = sourcecode.cpp.cpp; name = Generic.cc; path = "../../c++/impl/Generic.cc"; sourceTree = "<group>"; };
		936B635014D4A33900CDE104 /* Node.cc */ = {isa = PBXFileReference; fileEncoding = 4; lastKnownFileType = sourcecode.cpp.cpp; name = Node.cc; path = "../../c++/impl/Node.cc"; sourceTree = "<group>"; };
		936B635114D4A33900CDE104 /* NodeImpl.cc */ = {isa = PBXFileReference; fileEncoding = 4; lastKnownFileType = sourcecode.cpp.cpp; name = NodeImpl.cc; path = "../../c++/impl/NodeImpl.cc"; sourceTree = "<group>"; };
		936B635214D4A33900CDE104 /* Resolver.cc */ = {isa = PBXFileReference; fileEncoding = 4; lastKnownFileType = sourcecode.cpp.cpp; name = Resolver.cc; path = "../../c++/impl/Resolver.cc"; sourceTree = "<group>"; };
		936B635314D4A33900CDE104 /* ResolverSchema.cc */ = {isa = PBXFileReference; fileEncoding = 4; lastKnownFileType = sourcecode.cpp.cpp; name = ResolverSchema.cc; path = "../../c++/impl/ResolverSchema.cc"; sourceTree = "<group>"; };
		936B635414D4A33900CDE104 /* Schema.cc */ = {isa = PBXFileReference; fileEncoding = 4; lastKnownFileType = sourcecode.cpp.cpp; name = Schema.cc; path = "../../c++/impl/Schema.cc"; sourceTree = "<group>"; };
		936B635514D4A33900CDE104 /* Stream.cc */ = {isa = PBXFileReference; fileEncoding = 4; lastKnownFileType = sourcecode.cpp.cpp; name = Stream.cc; path = "../../c++/impl/Stream.cc"; sourceTree = "<group>"; };
		936B635614D4A33900CDE104 /* Types.cc */ = {isa = PBXFileReference; fileEncoding = 4; lastKnownFileType = sourcecode.cpp.cpp; name = Types.cc; path = "../../c++/impl/Types.cc"; sourceTree = "<group>"; };
		936B635714D4A33900CDE104 /* Validator.cc */ = {isa = PBXFileReference; fileEncoding = 4; lastKnownFileType = sourcecode.cpp.cpp; name = Validator.cc; path = "../../c++/impl/Validator.cc"; sourceTree = "<group>"; };
		936B635814D4A33900CDE104 /* ValidSchema.cc */ = {isa = PBXFileReference; fileEncoding = 4; lastKnownFileType = sourcecode.cpp.cpp; name = ValidSchema.cc; path = "../../c++/impl/ValidSchema.cc"; sourceTree = "<group>"; };
		936B635914D4A33900CDE104 /* Zigzag.cc */ = {isa = PBXFileReference; fileEncoding = 4; lastKnownFileType = sourcecode.cpp.cpp; name = Zigzag.cc; path = "../../c++/impl/Zigzag.cc"; sourceTree = "<group>"; };
		936B636B14D4A34F00CDE104 /* JsonCodec.cc */ = {isa = PBXFileReference; fileEncoding = 4; lastKnownFileType = sourcecode.cpp.cpp; name = JsonCodec.cc; path = "../../c++/impl/parsing/JsonCodec.cc"; sourceTree = "<group>"; };
		936B636C14D4A34F00CDE104 /* ResolvingDecoder.cc */ = {isa = PBXFileReference; fileEncoding = 4; lastKnownFileType = sourcecode.cpp.cpp; name = ResolvingDecoder.cc; path = "../../c++/impl/parsing/ResolvingDecoder.cc"; sourceTree = "<group>"; };
		936B636D14D4A34F00CDE104 /* Symbol.cc */ = {isa = PBXFileReference; fileEncoding = 4; lastKnownFileType = sourcecode.cpp.cpp; name = Symbol.cc; path = "../../c++/impl/parsing/Symbol.cc"; sourceTree = "<group>"; };
		936B636E14D4A34F00CDE104 /* Symbol.hh */ = {isa = PBXFileReference; fileEncoding = 4; lastKnownFileType = sourcecode.cpp.h; name = Symbol.hh; path = "../../c++/impl/parsing/Symbol.hh"; sourceTree = "<group>"; };
		936B636F14D4A34F00CDE104 /* ValidatingCodec.cc */ = {isa = PBXFileReference; fileEncoding = 4; lastKnownFileType = sourcecode.cpp.cpp; name = ValidatingCodec.cc; path = "../../c++/impl/parsing/ValidatingCodec.cc"; sourceTree = "<group>"; };
		936B637014D4A34F00CDE104 /* ValidatingCodec.hh */ = {isa = PBXFileReference; fileEncoding = 4; lastKnownFileType = sourcecode.cpp.h; name = ValidatingCodec.hh; path = "../../c++/impl/parsing/ValidatingCodec.hh"; sourceTree = "<group>"; };
		93934B8C14E1CEA700BCB29C /* avrogencpp.cc */ = {isa = PBXFileReference; lastKnownFileType = sourcecode.cpp.cpp; name = avrogencpp.cc; path = "../../c++/impl/avrogencpp.cc"; sourceTree = "<group>"; };
		93C72BC31505752B00FC0846 /* avro-Info.plist */ = {isa = PBXFileReference; lastKnownFileType = text.plist.xml; path = "avro-Info.plist"; sourceTree = "<group>"; };
		93C72BC81505757A00FC0846 /* libavro.a */ = {isa = PBXFileReference; explicitFileType = archive.ar; includeInIndex = 0; path = libavro.a; sourceTree = BUILT_PRODUCTS_DIR; };
		93C72C561505770D00FC0846 /* libavro.a */ = {isa = PBXFileReference; explicitFileType = archive.ar; includeInIndex = 0; path = libavro.a; sourceTree = BUILT_PRODUCTS_DIR; };
		93C9F7AF14E46433004B2251 /* Foundation.framework */ = {isa = PBXFileReference; lastKnownFileType = wrapper.framework; name = Foundation.framework; path = System/Library/Frameworks/Foundation.framework; sourceTree = SDKROOT; };
		93F1E35714EB2DEA0031D2F1 /* Config.hh */ = {isa = PBXFileReference; fileEncoding = 4; lastKnownFileType = sourcecode.cpp.h; name = Config.hh; path = "../../c++/api/Config.hh"; sourceTree = "<group>"; };
		93F1E35814EB2DEA0031D2F1 /* Writer.hh */ = {isa = PBXFileReference; fileEncoding = 4; lastKnownFileType = sourcecode.cpp.h; name = Writer.hh; path = "../../c++/api/Writer.hh"; sourceTree = "<group>"; };
		93F1E35C14EB2E0D0031D2F1 /* JsonDom.cc */ = {isa = PBXFileReference; fileEncoding = 4; lastKnownFileType = sourcecode.cpp.cpp; path = JsonDom.cc; sourceTree = "<group>"; };
		93F1E35D14EB2E0D0031D2F1 /* JsonDom.hh */ = {isa = PBXFileReference; fileEncoding = 4; lastKnownFileType = sourcecode.cpp.h; path = JsonDom.hh; sourceTree = "<group>"; };
		93F1E35E14EB2E0D0031D2F1 /* JsonIO.cc */ = {isa = PBXFileReference; fileEncoding = 4; lastKnownFileType = sourcecode.cpp.cpp; path = JsonIO.cc; sourceTree = "<group>"; };
		93F1E35F14EB2E0D0031D2F1 /* JsonIO.hh */ = {isa = PBXFileReference; fileEncoding = 4; lastKnownFileType = sourcecode.cpp.h; path = JsonIO.hh; sourceTree = "<group>"; };
		93F1E39A14EC55000031D2F1 /* boost.framework */ = {isa = PBXFileReference; lastKnownFileType = wrapper.framework; name = boost.framework; path = ../../../../iosclient/external/boostoniphone/framework/boost.framework; sourceTree = "<group>"; };
/* End PBXFileReference section */

/* Begin PBXFrameworksBuildPhase section */
		93C72BC51505757A00FC0846 /* Frameworks */ = {
			isa = PBXFrameworksBuildPhase;
			buildActionMask = 2147483647;
			files = (
				93C72BD3150575C400FC0846 /* boost.framework in Frameworks */,
			);
			runOnlyForDeploymentPostprocessing = 0;
		};
		93C72C2B1505770D00FC0846 /* Frameworks */ = {
			isa = PBXFrameworksBuildPhase;
			buildActionMask = 2147483647;
			files = (
				93C72C2C1505770D00FC0846 /* boost.framework in Frameworks */,
			);
			runOnlyForDeploymentPostprocessing = 0;
		};
/* End PBXFrameworksBuildPhase section */

/* Begin PBXGroup section */
		9328913F14DB414F004EDE98 /* parser */ = {
			isa = PBXGroup;
			children = (
				9328914014DB414F004EDE98 /* AvroLex.ll */,
				9328914114DB414F004EDE98 /* AvroYacc.yy */,
			);
			name = parser;
			path = "../../c++/parser";
			sourceTree = "<group>";
		};
		936B62C814D49BBD00CDE104 = {
			isa = PBXGroup;
			children = (
				936B62FD14D49BDC00CDE104 /* avrocpp */,
				93C72BC21505752B00FC0846 /* avro */,
				936B62D514D49BBD00CDE104 /* Frameworks */,
				936B62D414D49BBD00CDE104 /* Products */,
			);
			sourceTree = "<group>";
		};
		936B62D414D49BBD00CDE104 /* Products */ = {
			isa = PBXGroup;
			children = (
				93C72BC81505757A00FC0846 /* libavro.a */,
				93C72C561505770D00FC0846 /* libavro.a */,
			);
			name = Products;
			sourceTree = "<group>";
		};
		936B62D514D49BBD00CDE104 /* Frameworks */ = {
			isa = PBXGroup;
			children = (
				93F1E39A14EC55000031D2F1 /* boost.framework */,
				93C9F7AF14E46433004B2251 /* Foundation.framework */,
			);
			name = Frameworks;
			sourceTree = "<group>";
		};
		936B62FD14D49BDC00CDE104 /* avrocpp */ = {
			isa = PBXGroup;
			children = (
				936B62FE14D49BFF00CDE104 /* api */,
				936B634914D4A24F00CDE104 /* impl */,
				9328913F14DB414F004EDE98 /* parser */,
			);
			name = avrocpp;
			sourceTree = "<group>";
		};
		936B62FE14D49BFF00CDE104 /* api */ = {
			isa = PBXGroup;
			children = (
				936B633914D4A20100CDE104 /* buffer */,
				936B62FF14D4A1F900CDE104 /* AvroParse.hh */,
				936B630014D4A1F900CDE104 /* AvroSerialize.hh */,
				936B630114D4A1F900CDE104 /* AvroTraits.hh */,
				936B630214D4A1F900CDE104 /* Boost.hh */,
				936B630314D4A1F900CDE104 /* Compiler.hh */,
				93F1E35714EB2DEA0031D2F1 /* Config.hh */,
				936B630514D4A1F900CDE104 /* DataFile.hh */,
				936B630614D4A1F900CDE104 /* Decoder.hh */,
				9317B3AD14D4A8DE0079A430 /* Encoder.hh */,
				936B630714D4A1F900CDE104 /* Exception.hh */,
				936B630814D4A1F900CDE104 /* Generic.hh */,
				936B630914D4A1F900CDE104 /* Layout.hh */,
				936B630A14D4A1F900CDE104 /* Node.hh */,
				936B630B14D4A1F900CDE104 /* NodeConcepts.hh */,
				936B630C14D4A1F900CDE104 /* NodeImpl.hh */,
				936B630D14D4A1F900CDE104 /* Parser.hh */,
				936B630E14D4A1F900CDE104 /* Reader.hh */,
				936B630F14D4A1F900CDE104 /* Resolver.hh */,
				936B631014D4A1F900CDE104 /* ResolverSchema.hh */,
				936B631114D4A1F900CDE104 /* ResolvingReader.hh */,
				936B631214D4A1F900CDE104 /* Schema.hh */,
				936B631314D4A1F900CDE104 /* SchemaResolution.hh */,
				936B631414D4A1F900CDE104 /* Serializer.hh */,
				936B631514D4A1F900CDE104 /* Specific.hh */,
				936B631614D4A1F900CDE104 /* Stream.hh */,
				936B631814D4A1F900CDE104 /* Types.hh */,
				936B631914D4A1F900CDE104 /* Validator.hh */,
				936B631A14D4A1F900CDE104 /* ValidSchema.hh */,
				93F1E35814EB2DEA0031D2F1 /* Writer.hh */,
				936B631B14D4A1F900CDE104 /* Zigzag.hh */,
			);
			name = api;
			sourceTree = "<group>";
		};
		936B633914D4A20100CDE104 /* buffer */ = {
			isa = PBXGroup;
			children = (
				936B633A14D4A22700CDE104 /* Buffer.hh */,
				936B633B14D4A22700CDE104 /* BufferPrint.hh */,
				936B633C14D4A22700CDE104 /* BufferReader.hh */,
				936B633D14D4A22700CDE104 /* BufferStream.hh */,
				936B633E14D4A22700CDE104 /* BufferStreambuf.hh */,
				936B633F14D4A22700CDE104 /* detail */,
			);
			name = buffer;
			sourceTree = "<group>";
		};
		936B633F14D4A22700CDE104 /* detail */ = {
			isa = PBXGroup;
			children = (
				936B634014D4A22700CDE104 /* BufferDetail.hh */,
				936B634114D4A22700CDE104 /* BufferDetailIterator.hh */,
			);
			name = detail;
			path = "../../c++/api/buffer/detail";
			sourceTree = "<group>";
		};
		936B634914D4A24F00CDE104 /* impl */ = {
			isa = PBXGroup;
			children = (
				93934B8C14E1CEA700BCB29C /* avrogencpp.cc */,
				9317B3D014D6636F0079A430 /* avrogenobjc.cc */,
				936B634A14D4A33900CDE104 /* BinaryDecoder.cc */,
				9317B3AB14D4A8C40079A430 /* BinaryEncoder.cc */,
				936B634B14D4A33900CDE104 /* Compiler.cc */,
				936B634D14D4A33900CDE104 /* DataFile.cc */,
				936B634E14D4A33900CDE104 /* FileStream.cc */,
				936B634F14D4A33900CDE104 /* Generic.cc */,
				93F1E35B14EB2E0C0031D2F1 /* json */,
				936B635014D4A33900CDE104 /* Node.cc */,
				936B635114D4A33900CDE104 /* NodeImpl.cc */,
				936B636A14D4A33E00CDE104 /* parsing */,
				936B635214D4A33900CDE104 /* Resolver.cc */,
				936B635314D4A33900CDE104 /* ResolverSchema.cc */,
				936B635414D4A33900CDE104 /* Schema.cc */,
				936B635514D4A33900CDE104 /* Stream.cc */,
				936B635614D4A33900CDE104 /* Types.cc */,
				936B635714D4A33900CDE104 /* Validator.cc */,
				936B635814D4A33900CDE104 /* ValidSchema.cc */,
				936B635914D4A33900CDE104 /* Zigzag.cc */,
			);
			name = impl;
			sourceTree = "<group>";
		};
		936B636A14D4A33E00CDE104 /* parsing */ = {
			isa = PBXGroup;
			children = (
				936B636B14D4A34F00CDE104 /* JsonCodec.cc */,
				936B636C14D4A34F00CDE104 /* ResolvingDecoder.cc */,
				936B636D14D4A34F00CDE104 /* Symbol.cc */,
				936B636E14D4A34F00CDE104 /* Symbol.hh */,
				936B636F14D4A34F00CDE104 /* ValidatingCodec.cc */,
				936B637014D4A34F00CDE104 /* ValidatingCodec.hh */,
			);
			name = parsing;
			sourceTree = "<group>";
		};
		93C72BC21505752B00FC0846 /* avro */ = {
			isa = PBXGroup;
			children = (
				93C72BC31505752B00FC0846 /* avro-Info.plist */,
			);
			path = avro;
			sourceTree = "<group>";
		};
		93F1E35B14EB2E0C0031D2F1 /* json */ = {
			isa = PBXGroup;
			children = (
				93F1E35C14EB2E0D0031D2F1 /* JsonDom.cc */,
				93F1E35D14EB2E0D0031D2F1 /* JsonDom.hh */,
				93F1E35E14EB2E0D0031D2F1 /* JsonIO.cc */,
				93F1E35F14EB2E0D0031D2F1 /* JsonIO.hh */,
			);
			name = json;
			path = "../../c++/impl/json";
			sourceTree = "<group>";
		};
/* End PBXGroup section */

/* Begin PBXHeadersBuildPhase section */
		93C72BC61505757A00FC0846 /* Headers */ = {
			isa = PBXHeadersBuildPhase;
			buildActionMask = 2147483647;
			files = (
				93C72BEE1505768100FC0846 /* Buffer.hh in Headers */,
				93C72BEF1505768100FC0846 /* BufferPrint.hh in Headers */,
				93C72BF01505768100FC0846 /* BufferReader.hh in Headers */,
				93C72BF11505768100FC0846 /* BufferStream.hh in Headers */,
				93C72BF21505768100FC0846 /* BufferStreambuf.hh in Headers */,
				93C72BF31505768100FC0846 /* BufferDetail.hh in Headers */,
				93C72BF41505768100FC0846 /* BufferDetailIterator.hh in Headers */,
				93C72BF51505768100FC0846 /* AvroParse.hh in Headers */,
				93C72BF61505768100FC0846 /* AvroSerialize.hh in Headers */,
				93C72BF71505768100FC0846 /* AvroTraits.hh in Headers */,
				93C72BF81505768200FC0846 /* Boost.hh in Headers */,
				93C72BF91505768200FC0846 /* Compiler.hh in Headers */,
				93C72BFA1505768200FC0846 /* Config.hh in Headers */,
				93C72BFB1505768200FC0846 /* DataFile.hh in Headers */,
				93C72BFC1505768200FC0846 /* Decoder.hh in Headers */,
				93C72BFD1505768200FC0846 /* Encoder.hh in Headers */,
				93C72BFE1505768200FC0846 /* Exception.hh in Headers */,
				93C72BFF1505768200FC0846 /* Generic.hh in Headers */,
				93C72C001505768200FC0846 /* Layout.hh in Headers */,
				93C72C011505768200FC0846 /* Node.hh in Headers */,
				93C72C021505768200FC0846 /* NodeConcepts.hh in Headers */,
				93C72C031505768200FC0846 /* NodeImpl.hh in Headers */,
				93C72C041505768200FC0846 /* Parser.hh in Headers */,
				93C72C051505768200FC0846 /* Reader.hh in Headers */,
				93C72C061505768200FC0846 /* Resolver.hh in Headers */,
				93C72C071505768200FC0846 /* ResolverSchema.hh in Headers */,
				93C72C081505768200FC0846 /* ResolvingReader.hh in Headers */,
				93C72C091505768200FC0846 /* Schema.hh in Headers */,
				93C72C0A1505768200FC0846 /* SchemaResolution.hh in Headers */,
				93C72C0B1505768200FC0846 /* Serializer.hh in Headers */,
				93C72C0C1505768200FC0846 /* Specific.hh in Headers */,
				93C72C0D1505768200FC0846 /* Stream.hh in Headers */,
				93C72C0E1505768200FC0846 /* Types.hh in Headers */,
				93C72C0F1505768200FC0846 /* Validator.hh in Headers */,
				93C72C101505768200FC0846 /* ValidSchema.hh in Headers */,
				93C72C111505768200FC0846 /* Writer.hh in Headers */,
				93C72C121505768200FC0846 /* Zigzag.hh in Headers */,
			);
			runOnlyForDeploymentPostprocessing = 0;
		};
		93C72C2D1505770D00FC0846 /* Headers */ = {
			isa = PBXHeadersBuildPhase;
			buildActionMask = 2147483647;
			files = (
				93C72C2E1505770D00FC0846 /* Buffer.hh in Headers */,
				93C72C2F1505770D00FC0846 /* BufferPrint.hh in Headers */,
				93C72C301505770D00FC0846 /* BufferReader.hh in Headers */,
				93C72C311505770D00FC0846 /* BufferStream.hh in Headers */,
				93C72C321505770D00FC0846 /* BufferStreambuf.hh in Headers */,
				93C72C331505770D00FC0846 /* BufferDetail.hh in Headers */,
				93C72C341505770D00FC0846 /* BufferDetailIterator.hh in Headers */,
				93C72C351505770D00FC0846 /* AvroParse.hh in Headers */,
				93C72C361505770D00FC0846 /* AvroSerialize.hh in Headers */,
				93C72C371505770D00FC0846 /* AvroTraits.hh in Headers */,
				93C72C381505770D00FC0846 /* Boost.hh in Headers */,
				93C72C391505770D00FC0846 /* Compiler.hh in Headers */,
				93C72C3A1505770D00FC0846 /* Config.hh in Headers */,
				93C72C3B1505770D00FC0846 /* DataFile.hh in Headers */,
				93C72C3C1505770D00FC0846 /* Decoder.hh in Headers */,
				93C72C3D1505770D00FC0846 /* Encoder.hh in Headers */,
				93C72C3E1505770D00FC0846 /* Exception.hh in Headers */,
				93C72C3F1505770D00FC0846 /* Generic.hh in Headers */,
				93C72C401505770D00FC0846 /* Layout.hh in Headers */,
				93C72C411505770D00FC0846 /* Node.hh in Headers */,
				93C72C421505770D00FC0846 /* NodeConcepts.hh in Headers */,
				93C72C431505770D00FC0846 /* NodeImpl.hh in Headers */,
				93C72C441505770D00FC0846 /* Parser.hh in Headers */,
				93C72C451505770D00FC0846 /* Reader.hh in Headers */,
				93C72C461505770D00FC0846 /* Resolver.hh in Headers */,
				93C72C471505770D00FC0846 /* ResolverSchema.hh in Headers */,
				93C72C481505770D00FC0846 /* ResolvingReader.hh in Headers */,
				93C72C491505770D00FC0846 /* Schema.hh in Headers */,
				93C72C4A1505770D00FC0846 /* SchemaResolution.hh in Headers */,
				93C72C4B1505770D00FC0846 /* Serializer.hh in Headers */,
				93C72C4C1505770D00FC0846 /* Specific.hh in Headers */,
				93C72C4D1505770D00FC0846 /* Stream.hh in Headers */,
				93C72C4E1505770D00FC0846 /* Types.hh in Headers */,
				93C72C4F1505770D00FC0846 /* Validator.hh in Headers */,
				93C72C501505770D00FC0846 /* ValidSchema.hh in Headers */,
				93C72C511505770D00FC0846 /* Writer.hh in Headers */,
				93C72C521505770D00FC0846 /* Zigzag.hh in Headers */,
			);
			runOnlyForDeploymentPostprocessing = 0;
		};
/* End PBXHeadersBuildPhase section */

/* Begin PBXNativeTarget section */
		93C72BC71505757A00FC0846 /* avro simulator */ = {
			isa = PBXNativeTarget;
			buildConfigurationList = 93C72BD01505757A00FC0846 /* Build configuration list for PBXNativeTarget "avro simulator" */;
			buildPhases = (
				93C72BC41505757A00FC0846 /* Sources */,
				93C72BC51505757A00FC0846 /* Frameworks */,
				93C72BC61505757A00FC0846 /* Headers */,
			);
			buildRules = (
			);
			dependencies = (
			);
			name = "avro simulator";
			productName = avro;
			productReference = 93C72BC81505757A00FC0846 /* libavro.a */;
			productType = "com.apple.product-type.library.static";
		};
		93C72C131505770D00FC0846 /* avro device */ = {
			isa = PBXNativeTarget;
			buildConfigurationList = 93C72C531505770D00FC0846 /* Build configuration list for PBXNativeTarget "avro device" */;
			buildPhases = (
				93C72C141505770D00FC0846 /* Sources */,
				93C72C2B1505770D00FC0846 /* Frameworks */,
				93C72C2D1505770D00FC0846 /* Headers */,
			);
			buildRules = (
			);
			dependencies = (
			);
			name = "avro device";
			productName = avro;
			productReference = 93C72C561505770D00FC0846 /* libavro.a */;
			productType = "com.apple.product-type.library.static";
		};
/* End PBXNativeTarget section */

/* Begin PBXProject section */
		936B62CA14D49BBD00CDE104 /* Project object */ = {
			isa = PBXProject;
			attributes = {
				LastUpgradeCheck = 0420;
				ORGANIZATIONNAME = "Biff Labs";
			};
			buildConfigurationList = 936B62CD14D49BBD00CDE104 /* Build configuration list for PBXProject "avro" */;
			compatibilityVersion = "Xcode 3.2";
			developmentRegion = English;
			hasScannedForEncodings = 0;
			knownRegions = (
				en,
			);
			mainGroup = 936B62C814D49BBD00CDE104;
			productRefGroup = 936B62D414D49BBD00CDE104 /* Products */;
			projectDirPath = "";
			projectRoot = "";
			targets = (
				93C72BC71505757A00FC0846 /* avro simulator */,
				93C72C131505770D00FC0846 /* avro device */,
				93C72C57150578F800FC0846 /* Merge */,
			);
		};
/* End PBXProject section */

/* Begin PBXShellScriptBuildPhase section */
		93C72C5F1505797E00FC0846 /* ShellScript */ = {
			isa = PBXShellScriptBuildPhase;
			buildActionMask = 2147483647;
			files = (
			);
			inputPaths = (
			);
			outputPaths = (
			);
			runOnlyForDeploymentPostprocessing = 0;
			shellPath = /bin/sh;
			shellScript = "# name and build location\nFRAMEWORK_NAME=${PROJECT_NAME}\nFRAMEWORK_BUILD_PATH=\"${PROJECT_DIR}/build/Framework\"\n\n# these never change\nFRAMEWORK_VERSION=A\nFRAMEWORK_CURRENT_VERSION=1\nFRAMEWORK_COMPATIBILITY_VERSION=1\n\n# Clean any existing framework that might be there\nif [ -d \"$FRAMEWORK_BUILD_PATH\" ]\nthen\necho \"Framework: Cleaning framework...\"\nrm -rf \"$FRAMEWORK_BUILD_PATH\"\nfi\n\n# Build the canonical Framework bundle directory structure\necho \"Framework: Setting up directories...\"\nFRAMEWORK_DIR=$FRAMEWORK_BUILD_PATH/$FRAMEWORK_NAME.framework\nmkdir -p $FRAMEWORK_DIR\nmkdir -p $FRAMEWORK_DIR/Versions\nmkdir -p $FRAMEWORK_DIR/Versions/$FRAMEWORK_VERSION\nmkdir -p $FRAMEWORK_DIR/Versions/$FRAMEWORK_VERSION/Resources\nmkdir -p $FRAMEWORK_DIR/Versions/$FRAMEWORK_VERSION/Headers\n\necho \"Framework: Creating symlinks...\"\nln -s $FRAMEWORK_VERSION $FRAMEWORK_DIR/Versions/Current\nln -s Versions/Current/Headers $FRAMEWORK_DIR/Headers\nln -s Versions/Current/Resources $FRAMEWORK_DIR/Resources\nln -s Versions/Current/$FRAMEWORK_NAME $FRAMEWORK_DIR/$FRAMEWORK_NAME\n\n# combine lib files for various platforms into one\necho \"Framework: Creating library...\"\nlipo -create \"${BUILD_ROOT}/${CONFIGURATION}-iphoneos/lib${PROJECT_NAME}.a\" \"${BUILD_ROOT}/${CONFIGURATION}-iphonesimulator/lib${PROJECT_NAME}.a\" -o \"$FRAMEWORK_DIR/Versions/Current/$FRAMEWORK_NAME\"\n\necho \"Framework: Copying assets into current version...\"\ncp -r ${BUILT_PRODUCTS_DIR}/include/$FRAMEWORK_NAME/ $FRAMEWORK_DIR/Headers/\n# avro specific\necho \"Framework: Restoring avro directory structure...\"\nmkdir -p $FRAMEWORK_DIR/Headers/buffer/detail\nmv $FRAMEWORK_DIR/Headers/Buffer*.hh $FRAMEWORK_DIR/Headers/buffer\nmv $FRAMEWORK_DIR/Headers/buffer/BufferDetail*.hh $FRAMEWORK_DIR/Headers/buffer/detail\n\n#replace placeholder in plist with project name\ncat \"${SRCROOT}/avro/avro-Info.plist\" | sed 's/${PROJECT_NAME}/'\"${PROJECT_NAME}\"'/' > $FRAMEWORK_DIR/Resources/Info.plist";
		};
/* End PBXShellScriptBuildPhase section */

/* Begin PBXSourcesBuildPhase section */
		93C72BC41505757A00FC0846 /* Sources */ = {
			isa = PBXSourcesBuildPhase;
			buildActionMask = 2147483647;
			files = (
				93C72BD41505767500FC0846 /* BinaryDecoder.cc in Sources */,
				93C72BD51505767500FC0846 /* BinaryEncoder.cc in Sources */,
				93C72BD61505767500FC0846 /* Compiler.cc in Sources */,
				93C72BD71505767500FC0846 /* DataFile.cc in Sources */,
				93C72BD81505767500FC0846 /* FileStream.cc in Sources */,
				93C72BD91505767500FC0846 /* Generic.cc in Sources */,
				93C72BDA1505767500FC0846 /* JsonDom.cc in Sources */,
				93C72BDC1505767500FC0846 /* JsonIO.cc in Sources */,
				93C72BDE1505767500FC0846 /* Node.cc in Sources */,
				93C72BDF1505767500FC0846 /* NodeImpl.cc in Sources */,
				93C72BE01505767500FC0846 /* JsonCodec.cc in Sources */,
				93C72BE11505767500FC0846 /* ResolvingDecoder.cc in Sources */,
				93C72BE21505767500FC0846 /* Symbol.cc in Sources */,
				93C72BE41505767500FC0846 /* ValidatingCodec.cc in Sources */,
				93C72BE61505767500FC0846 /* Resolver.cc in Sources */,
				93C72BE71505767500FC0846 /* ResolverSchema.cc in Sources */,
				93C72BE81505767500FC0846 /* Schema.cc in Sources */,
				93C72BE91505767500FC0846 /* Stream.cc in Sources */,
				93C72BEA1505767500FC0846 /* Types.cc in Sources */,
				93C72BEB1505767500FC0846 /* Validator.cc in Sources */,
				93C72BEC1505767500FC0846 /* ValidSchema.cc in Sources */,
				93C72BED1505767500FC0846 /* Zigzag.cc in Sources */,
			);
			runOnlyForDeploymentPostprocessing = 0;
		};
		93C72C141505770D00FC0846 /* Sources */ = {
			isa = PBXSourcesBuildPhase;
			buildActionMask = 2147483647;
			files = (
				93C72C151505770D00FC0846 /* BinaryDecoder.cc in Sources */,
				93C72C161505770D00FC0846 /* BinaryEncoder.cc in Sources */,
				93C72C171505770D00FC0846 /* Compiler.cc in Sources */,
				93C72C181505770D00FC0846 /* DataFile.cc in Sources */,
				93C72C191505770D00FC0846 /* FileStream.cc in Sources */,
				93C72C1A1505770D00FC0846 /* Generic.cc in Sources */,
				93C72C1B1505770D00FC0846 /* JsonDom.cc in Sources */,
				93C72C1C1505770D00FC0846 /* JsonIO.cc in Sources */,
				93C72C1D1505770D00FC0846 /* Node.cc in Sources */,
				93C72C1E1505770D00FC0846 /* NodeImpl.cc in Sources */,
				93C72C1F1505770D00FC0846 /* JsonCodec.cc in Sources */,
				93C72C201505770D00FC0846 /* ResolvingDecoder.cc in Sources */,
				93C72C211505770D00FC0846 /* Symbol.cc in Sources */,
				93C72C221505770D00FC0846 /* ValidatingCodec.cc in Sources */,
				93C72C231505770D00FC0846 /* Resolver.cc in Sources */,
				93C72C241505770D00FC0846 /* ResolverSchema.cc in Sources */,
				93C72C251505770D00FC0846 /* Schema.cc in Sources */,
				93C72C261505770D00FC0846 /* Stream.cc in Sources */,
				93C72C271505770D00FC0846 /* Types.cc in Sources */,
				93C72C281505770D00FC0846 /* Validator.cc in Sources */,
				93C72C291505770D00FC0846 /* ValidSchema.cc in Sources */,
				93C72C2A1505770D00FC0846 /* Zigzag.cc in Sources */,
			);
			runOnlyForDeploymentPostprocessing = 0;
		};
/* End PBXSourcesBuildPhase section */

/* Begin PBXTargetDependency section */
		93C72C5C1505795A00FC0846 /* PBXTargetDependency */ = {
			isa = PBXTargetDependency;
			target = 93C72BC71505757A00FC0846 /* avro simulator */;
			targetProxy = 93C72C5B1505795A00FC0846 /* PBXContainerItemProxy */;
		};
		93C72C5E1505795A00FC0846 /* PBXTargetDependency */ = {
			isa = PBXTargetDependency;
			target = 93C72C131505770D00FC0846 /* avro device */;
			targetProxy = 93C72C5D1505795A00FC0846 /* PBXContainerItemProxy */;
		};
/* End PBXTargetDependency section */

/* Begin XCBuildConfiguration section */
		936B62F514D49BBD00CDE104 /* Debug */ = {
			isa = XCBuildConfiguration;
			buildSettings = {
				ALWAYS_SEARCH_USER_PATHS = NO;
				ARCHS = "$(ARCHS_STANDARD_32_BIT)";
				CLANG_CXX_LIBRARY = "compiler-default";
				CLANG_ENABLE_OBJC_ARC = YES;
				COPY_PHASE_STRIP = NO;
				GCC_C_LANGUAGE_STANDARD = gnu99;
				GCC_DYNAMIC_NO_PIC = NO;
				GCC_OPTIMIZATION_LEVEL = 0;
				GCC_PREPROCESSOR_DEFINITIONS = (
					"DEBUG=1",
					"$(inherited)",
				);
				GCC_SYMBOLS_PRIVATE_EXTERN = NO;
				GCC_VERSION = com.apple.compilers.llvm.clang.1_0;
				GCC_WARN_ABOUT_MISSING_PROTOTYPES = YES;
				GCC_WARN_ABOUT_RETURN_TYPE = YES;
				GCC_WARN_UNUSED_VARIABLE = YES;
				IPHONEOS_DEPLOYMENT_TARGET = 4.3;
				OTHER_CPLUSPLUSFLAGS = (
					"-fvisibility=hidden",
					"-fvisibility-inlines-hidden",
					"$(OTHER_CFLAGS)",
				);
				SDKROOT = iphoneos;
			};
			name = Debug;
		};
		936B62F614D49BBD00CDE104 /* Release */ = {
			isa = XCBuildConfiguration;
			buildSettings = {
				ALWAYS_SEARCH_USER_PATHS = NO;
				ARCHS = "$(ARCHS_STANDARD_32_BIT)";
				CLANG_CXX_LIBRARY = "compiler-default";
				CLANG_ENABLE_OBJC_ARC = YES;
				COPY_PHASE_STRIP = YES;
				GCC_C_LANGUAGE_STANDARD = gnu99;
				GCC_VERSION = com.apple.compilers.llvm.clang.1_0;
				GCC_WARN_ABOUT_MISSING_PROTOTYPES = YES;
				GCC_WARN_ABOUT_RETURN_TYPE = YES;
				GCC_WARN_UNUSED_VARIABLE = YES;
				IPHONEOS_DEPLOYMENT_TARGET = 4.3;
				OTHER_CPLUSPLUSFLAGS = (
					"-fvisibility=hidden",
					"-fvisibility-inlines-hidden",
					"$(OTHER_CFLAGS)",
				);
				SDKROOT = iphoneos;
				VALIDATE_PRODUCT = YES;
			};
			name = Release;
		};
		93C72BD11505757A00FC0846 /* Debug */ = {
			isa = XCBuildConfiguration;
			buildSettings = {
				ARCHS = i386;
				DSTROOT = /tmp/avro.dst;
				FRAMEWORK_SEARCH_PATHS = (
					"$(inherited)",
					"\"$(SRCROOT)/../../../../iosclient/external/boostoniphone/framework\"",
				);
				GCC_PRECOMPILE_PREFIX_HEADER = YES;
				GCC_PREFIX_HEADER = "";
				IPHONEOS_DEPLOYMENT_TARGET = 5.0;
				LINK_WITH_STANDARD_LIBRARIES = NO;
				ONLY_ACTIVE_ARCH = YES;
				OTHER_LDFLAGS = "-ObjC";
				PRIVATE_HEADERS_FOLDER_PATH = include/avro;
				PRODUCT_NAME = avro;
				PUBLIC_HEADERS_FOLDER_PATH = include/avro;
				SKIP_INSTALL = YES;
				SUPPORTED_PLATFORMS = iphonesimulator;
				UNEXPORTED_SYMBOLS_FILE = "";
			};
			name = Debug;
		};
		93C72BD21505757A00FC0846 /* Release */ = {
			isa = XCBuildConfiguration;
			buildSettings = {
				ARCHS = i386;
				DSTROOT = /tmp/avro.dst;
				FRAMEWORK_SEARCH_PATHS = (
					"$(inherited)",
					"\"$(SRCROOT)/../../../../iosclient/external/boostoniphone/framework\"",
				);
				GCC_PRECOMPILE_PREFIX_HEADER = YES;
				GCC_PREFIX_HEADER = "";
				IPHONEOS_DEPLOYMENT_TARGET = 5.0;
				LINK_WITH_STANDARD_LIBRARIES = NO;
				ONLY_ACTIVE_ARCH = YES;
				OTHER_LDFLAGS = "-ObjC";
				PRIVATE_HEADERS_FOLDER_PATH = include/avro;
				PRODUCT_NAME = avro;
				PUBLIC_HEADERS_FOLDER_PATH = include/avro;
				SKIP_INSTALL = YES;
				SUPPORTED_PLATFORMS = iphonesimulator;
				UNEXPORTED_SYMBOLS_FILE = "";
			};
			name = Release;
		};
		93C72C541505770D00FC0846 /* Debug */ = {
			isa = XCBuildConfiguration;
			buildSettings = {
				ARCHS = "$(ARCHS_STANDARD_32_BIT)";
				DSTROOT = /tmp/avro.dst;
				FRAMEWORK_SEARCH_PATHS = (
					"$(inherited)",
					"\"$(SRCROOT)/../../../../iosclient/external/boostoniphone/framework\"",
				);
				GCC_PRECOMPILE_PREFIX_HEADER = YES;
				GCC_PREFIX_HEADER = "";
				INSTALL_PATH = /usr/local/lib;
				IPHONEOS_DEPLOYMENT_TARGET = 5.0;
				LINK_WITH_STANDARD_LIBRARIES = NO;
				ONLY_ACTIVE_ARCH = NO;
				OTHER_LDFLAGS = "-ObjC";
				PRIVATE_HEADERS_FOLDER_PATH = include/avro;
				PRODUCT_NAME = avro;
				PUBLIC_HEADERS_FOLDER_PATH = include/avro;
				SKIP_INSTALL = YES;
				SUPPORTED_PLATFORMS = iphoneos;
			};
			name = Debug;
		};
		93C72C551505770D00FC0846 /* Release */ = {
			isa = XCBuildConfiguration;
			buildSettings = {
				ARCHS = "$(ARCHS_STANDARD_32_BIT)";
				DSTROOT = /tmp/avro.dst;
				FRAMEWORK_SEARCH_PATHS = (
					"$(inherited)",
					"\"$(SRCROOT)/../../../../iosclient/external/boostoniphone/framework\"",
				);
				GCC_PRECOMPILE_PREFIX_HEADER = YES;
				GCC_PREFIX_HEADER = "";
				INSTALL_PATH = /usr/local/lib;
				IPHONEOS_DEPLOYMENT_TARGET = 5.0;
				LINK_WITH_STANDARD_LIBRARIES = NO;
				ONLY_ACTIVE_ARCH = NO;
				OTHER_LDFLAGS = "-ObjC";
				PRIVATE_HEADERS_FOLDER_PATH = include/avro;
				PRODUCT_NAME = avro;
				PUBLIC_HEADERS_FOLDER_PATH = include/avro;
				SKIP_INSTALL = YES;
				SUPPORTED_PLATFORMS = iphoneos;
			};
			name = Release;
		};
		93C72C59150578F800FC0846 /* Debug */ = {
			isa = XCBuildConfiguration;
			buildSettings = {
				PRODUCT_NAME = "$(TARGET_NAME)";
			};
			name = Debug;
		};
		93C72C5A150578F800FC0846 /* Release */ = {
			isa = XCBuildConfiguration;
			buildSettings = {
				PRODUCT_NAME = "$(TARGET_NAME)";
			};
			name = Release;
		};
/* End XCBuildConfiguration section */

/* Begin XCConfigurationList section */
		936B62CD14D49BBD00CDE104 /* Build configuration list for PBXProject "avro" */ = {
			isa = XCConfigurationList;
			buildConfigurations = (
				936B62F514D49BBD00CDE104 /* Debug */,
				936B62F614D49BBD00CDE104 /* Release */,
			);
			defaultConfigurationIsVisible = 0;
			defaultConfigurationName = Release;
		};
		93C72BD01505757A00FC0846 /* Build configuration list for PBXNativeTarget "avro simulator" */ = {
			isa = XCConfigurationList;
			buildConfigurations = (
				93C72BD11505757A00FC0846 /* Debug */,
				93C72BD21505757A00FC0846 /* Release */,
			);
			defaultConfigurationIsVisible = 0;
			defaultConfigurationName = Release;
		};
		93C72C531505770D00FC0846 /* Build configuration list for PBXNativeTarget "avro device" */ = {
			isa = XCConfigurationList;
			buildConfigurations = (
				93C72C541505770D00FC0846 /* Debug */,
				93C72C551505770D00FC0846 /* Release */,
			);
			defaultConfigurationIsVisible = 0;
			defaultConfigurationName = Release;
		};
		93C72C58150578F800FC0846 /* Build configuration list for PBXAggregateTarget "Merge" */ = {
			isa = XCConfigurationList;
			buildConfigurations = (
				93C72C59150578F800FC0846 /* Debug */,
				93C72C5A150578F800FC0846 /* Release */,
			);
			defaultConfigurationIsVisible = 0;
			defaultConfigurationName = Release;
		};
/* End XCConfigurationList section */
	};
	rootObject = 936B62CA14D49BBD00CDE104 /* Project object */;
}
