// !$*UTF8*$!
{
	archiveVersion = 1;
	classes = {
	};
	objectVersion = 46;
	objects = {

/* Begin PBXAggregateTarget section */
		93C9F7F114E465B5004B2251 /* avro Universal Framework */ = {
			isa = PBXAggregateTarget;
			buildConfigurationList = 93C9F7F214E465B6004B2251 /* Build configuration list for PBXAggregateTarget "avro Universal Framework" */;
			buildPhases = (
				93C9F7F514E465CB004B2251 /* ShellScript */,
			);
			dependencies = (
			);
			name = "avro Universal Framework";
			productName = "avro Universal Framework";
		};
/* End PBXAggregateTarget section */

/* Begin PBXBuildFile section */
		93B583CE14E462720088216E /* InfoPlist.strings in Resources */ = {isa = PBXBuildFile; fileRef = 93B583CC14E462720088216E /* InfoPlist.strings */; };
		93C9F7B214E464BA004B2251 /* JsonCodec.cc in Sources */ = {isa = PBXBuildFile; fileRef = 936B636B14D4A34F00CDE104 /* JsonCodec.cc */; };
		93C9F7B314E464BA004B2251 /* ResolvingDecoder.cc in Sources */ = {isa = PBXBuildFile; fileRef = 936B636C14D4A34F00CDE104 /* ResolvingDecoder.cc */; };
		93C9F7B414E464BA004B2251 /* Symbol.cc in Sources */ = {isa = PBXBuildFile; fileRef = 936B636D14D4A34F00CDE104 /* Symbol.cc */; };
		93C9F7B514E464BA004B2251 /* ValidatingCodec.cc in Sources */ = {isa = PBXBuildFile; fileRef = 936B636F14D4A34F00CDE104 /* ValidatingCodec.cc */; };
		93C9F7B614E464BA004B2251 /* BinaryDecoder.cc in Sources */ = {isa = PBXBuildFile; fileRef = 936B634A14D4A33900CDE104 /* BinaryDecoder.cc */; };
		93C9F7B714E464BA004B2251 /* BinaryEncoder.cc in Sources */ = {isa = PBXBuildFile; fileRef = 9317B3AB14D4A8C40079A430 /* BinaryEncoder.cc */; };
		93C9F7B814E464BA004B2251 /* Compiler.cc in Sources */ = {isa = PBXBuildFile; fileRef = 936B634B14D4A33900CDE104 /* Compiler.cc */; };
		93C9F7B914E464BA004B2251 /* CompilerNode.cc in Sources */ = {isa = PBXBuildFile; fileRef = 936B634C14D4A33900CDE104 /* CompilerNode.cc */; };
		93C9F7BA14E464BA004B2251 /* DataFile.cc in Sources */ = {isa = PBXBuildFile; fileRef = 936B634D14D4A33900CDE104 /* DataFile.cc */; };
		93C9F7BB14E464BA004B2251 /* FileStream.cc in Sources */ = {isa = PBXBuildFile; fileRef = 936B634E14D4A33900CDE104 /* FileStream.cc */; };
		93C9F7BC14E464BA004B2251 /* Generic.cc in Sources */ = {isa = PBXBuildFile; fileRef = 936B634F14D4A33900CDE104 /* Generic.cc */; };
		93C9F7BD14E464BA004B2251 /* Node.cc in Sources */ = {isa = PBXBuildFile; fileRef = 936B635014D4A33900CDE104 /* Node.cc */; };
		93C9F7BE14E464BA004B2251 /* NodeImpl.cc in Sources */ = {isa = PBXBuildFile; fileRef = 936B635114D4A33900CDE104 /* NodeImpl.cc */; };
		93C9F7BF14E464BA004B2251 /* Resolver.cc in Sources */ = {isa = PBXBuildFile; fileRef = 936B635214D4A33900CDE104 /* Resolver.cc */; };
		93C9F7C014E464BA004B2251 /* ResolverSchema.cc in Sources */ = {isa = PBXBuildFile; fileRef = 936B635314D4A33900CDE104 /* ResolverSchema.cc */; };
		93C9F7C114E464BA004B2251 /* Schema.cc in Sources */ = {isa = PBXBuildFile; fileRef = 936B635414D4A33900CDE104 /* Schema.cc */; };
		93C9F7C214E464BA004B2251 /* Stream.cc in Sources */ = {isa = PBXBuildFile; fileRef = 936B635514D4A33900CDE104 /* Stream.cc */; };
		93C9F7C314E464BA004B2251 /* Types.cc in Sources */ = {isa = PBXBuildFile; fileRef = 936B635614D4A33900CDE104 /* Types.cc */; };
		93C9F7C414E464BA004B2251 /* Validator.cc in Sources */ = {isa = PBXBuildFile; fileRef = 936B635714D4A33900CDE104 /* Validator.cc */; };
		93C9F7C514E464BA004B2251 /* ValidSchema.cc in Sources */ = {isa = PBXBuildFile; fileRef = 936B635814D4A33900CDE104 /* ValidSchema.cc */; };
		93C9F7C614E464BA004B2251 /* Zigzag.cc in Sources */ = {isa = PBXBuildFile; fileRef = 936B635914D4A33900CDE104 /* Zigzag.cc */; };
		93C9F7C714E464BA004B2251 /* AvroYacc.ypp in Sources */ = {isa = PBXBuildFile; fileRef = 9317B3B314D4AD660079A430 /* AvroYacc.ypp */; };
		93C9F7C814E464BA004B2251 /* AvroLex.lpp in Sources */ = {isa = PBXBuildFile; fileRef = 9317B3AF14D4A9A20079A430 /* AvroLex.lpp */; };
		93C9F7CA14E46525004B2251 /* AvroParse.hh in Headers */ = {isa = PBXBuildFile; fileRef = 936B62FF14D4A1F900CDE104 /* AvroParse.hh */; settings = {ATTRIBUTES = (Public, ); }; };
		93C9F7CB14E46525004B2251 /* AvroSerialize.hh in Headers */ = {isa = PBXBuildFile; fileRef = 936B630014D4A1F900CDE104 /* AvroSerialize.hh */; settings = {ATTRIBUTES = (Public, ); }; };
		93C9F7CC14E46525004B2251 /* AvroTraits.hh in Headers */ = {isa = PBXBuildFile; fileRef = 936B630114D4A1F900CDE104 /* AvroTraits.hh */; settings = {ATTRIBUTES = (Public, ); }; };
		93C9F7CD14E46525004B2251 /* Boost.hh in Headers */ = {isa = PBXBuildFile; fileRef = 936B630214D4A1F900CDE104 /* Boost.hh */; settings = {ATTRIBUTES = (Public, ); }; };
		93C9F7CE14E46525004B2251 /* Compiler.hh in Headers */ = {isa = PBXBuildFile; fileRef = 936B630314D4A1F900CDE104 /* Compiler.hh */; settings = {ATTRIBUTES = (Public, ); }; };
		93C9F7CF14E46525004B2251 /* CompilerNode.hh in Headers */ = {isa = PBXBuildFile; fileRef = 936B630414D4A1F900CDE104 /* CompilerNode.hh */; settings = {ATTRIBUTES = (Public, ); }; };
		93C9F7D014E46525004B2251 /* DataFile.hh in Headers */ = {isa = PBXBuildFile; fileRef = 936B630514D4A1F900CDE104 /* DataFile.hh */; settings = {ATTRIBUTES = (Public, ); }; };
		93C9F7D114E46525004B2251 /* Decoder.hh in Headers */ = {isa = PBXBuildFile; fileRef = 936B630614D4A1F900CDE104 /* Decoder.hh */; settings = {ATTRIBUTES = (Public, ); }; };
		93C9F7D214E46525004B2251 /* Encoder.hh in Headers */ = {isa = PBXBuildFile; fileRef = 9317B3AD14D4A8DE0079A430 /* Encoder.hh */; settings = {ATTRIBUTES = (Public, ); }; };
		93C9F7D314E46525004B2251 /* Exception.hh in Headers */ = {isa = PBXBuildFile; fileRef = 936B630714D4A1F900CDE104 /* Exception.hh */; settings = {ATTRIBUTES = (Public, ); }; };
		93C9F7D414E46525004B2251 /* Generic.hh in Headers */ = {isa = PBXBuildFile; fileRef = 936B630814D4A1F900CDE104 /* Generic.hh */; settings = {ATTRIBUTES = (Public, ); }; };
		93C9F7D514E46525004B2251 /* Layout.hh in Headers */ = {isa = PBXBuildFile; fileRef = 936B630914D4A1F900CDE104 /* Layout.hh */; settings = {ATTRIBUTES = (Public, ); }; };
		93C9F7D614E46525004B2251 /* Node.hh in Headers */ = {isa = PBXBuildFile; fileRef = 936B630A14D4A1F900CDE104 /* Node.hh */; settings = {ATTRIBUTES = (Public, ); }; };
		93C9F7D714E46525004B2251 /* NodeConcepts.hh in Headers */ = {isa = PBXBuildFile; fileRef = 936B630B14D4A1F900CDE104 /* NodeConcepts.hh */; settings = {ATTRIBUTES = (Public, ); }; };
		93C9F7D814E46525004B2251 /* NodeImpl.hh in Headers */ = {isa = PBXBuildFile; fileRef = 936B630C14D4A1F900CDE104 /* NodeImpl.hh */; settings = {ATTRIBUTES = (Public, ); }; };
		93C9F7D914E46525004B2251 /* Parser.hh in Headers */ = {isa = PBXBuildFile; fileRef = 936B630D14D4A1F900CDE104 /* Parser.hh */; settings = {ATTRIBUTES = (Public, ); }; };
		93C9F7DA14E46525004B2251 /* Reader.hh in Headers */ = {isa = PBXBuildFile; fileRef = 936B630E14D4A1F900CDE104 /* Reader.hh */; settings = {ATTRIBUTES = (Public, ); }; };
		93C9F7DB14E46525004B2251 /* Resolver.hh in Headers */ = {isa = PBXBuildFile; fileRef = 936B630F14D4A1F900CDE104 /* Resolver.hh */; settings = {ATTRIBUTES = (Public, ); }; };
		93C9F7DC14E46525004B2251 /* ResolverSchema.hh in Headers */ = {isa = PBXBuildFile; fileRef = 936B631014D4A1F900CDE104 /* ResolverSchema.hh */; settings = {ATTRIBUTES = (Public, ); }; };
		93C9F7DD14E46525004B2251 /* ResolvingReader.hh in Headers */ = {isa = PBXBuildFile; fileRef = 936B631114D4A1F900CDE104 /* ResolvingReader.hh */; settings = {ATTRIBUTES = (Public, ); }; };
		93C9F7DE14E46525004B2251 /* Schema.hh in Headers */ = {isa = PBXBuildFile; fileRef = 936B631214D4A1F900CDE104 /* Schema.hh */; settings = {ATTRIBUTES = (Public, ); }; };
		93C9F7DF14E46525004B2251 /* SchemaResolution.hh in Headers */ = {isa = PBXBuildFile; fileRef = 936B631314D4A1F900CDE104 /* SchemaResolution.hh */; settings = {ATTRIBUTES = (Public, ); }; };
		93C9F7E014E46525004B2251 /* Serializer.hh in Headers */ = {isa = PBXBuildFile; fileRef = 936B631414D4A1F900CDE104 /* Serializer.hh */; settings = {ATTRIBUTES = (Public, ); }; };
		93C9F7E114E46525004B2251 /* Specific.hh in Headers */ = {isa = PBXBuildFile; fileRef = 936B631514D4A1F900CDE104 /* Specific.hh */; settings = {ATTRIBUTES = (Public, ); }; };
		93C9F7E214E46525004B2251 /* Stream.hh in Headers */ = {isa = PBXBuildFile; fileRef = 936B631614D4A1F900CDE104 /* Stream.hh */; settings = {ATTRIBUTES = (Public, ); }; };
		93C9F7E314E46525004B2251 /* SymbolMap.hh in Headers */ = {isa = PBXBuildFile; fileRef = 936B631714D4A1F900CDE104 /* SymbolMap.hh */; settings = {ATTRIBUTES = (Public, ); }; };
		93C9F7E414E46525004B2251 /* Types.hh in Headers */ = {isa = PBXBuildFile; fileRef = 936B631814D4A1F900CDE104 /* Types.hh */; settings = {ATTRIBUTES = (Public, ); }; };
		93C9F7E514E46525004B2251 /* Validator.hh in Headers */ = {isa = PBXBuildFile; fileRef = 936B631914D4A1F900CDE104 /* Validator.hh */; settings = {ATTRIBUTES = (Public, ); }; };
		93C9F7E614E46525004B2251 /* ValidSchema.hh in Headers */ = {isa = PBXBuildFile; fileRef = 936B631A14D4A1F900CDE104 /* ValidSchema.hh */; settings = {ATTRIBUTES = (Public, ); }; };
		93C9F7E714E46525004B2251 /* Zigzag.hh in Headers */ = {isa = PBXBuildFile; fileRef = 936B631B14D4A1F900CDE104 /* Zigzag.hh */; settings = {ATTRIBUTES = (Public, ); }; };
		93C9F7E814E4657C004B2251 /* Buffer.hh in Headers */ = {isa = PBXBuildFile; fileRef = 936B633A14D4A22700CDE104 /* Buffer.hh */; settings = {ATTRIBUTES = (Private, ); }; };
		93C9F7E914E4657C004B2251 /* BufferPrint.hh in Headers */ = {isa = PBXBuildFile; fileRef = 936B633B14D4A22700CDE104 /* BufferPrint.hh */; settings = {ATTRIBUTES = (Private, ); }; };
		93C9F7EA14E4657C004B2251 /* BufferReader.hh in Headers */ = {isa = PBXBuildFile; fileRef = 936B633C14D4A22700CDE104 /* BufferReader.hh */; settings = {ATTRIBUTES = (Private, ); }; };
		93C9F7EB14E4657C004B2251 /* BufferStream.hh in Headers */ = {isa = PBXBuildFile; fileRef = 936B633D14D4A22700CDE104 /* BufferStream.hh */; settings = {ATTRIBUTES = (Private, ); }; };
		93C9F7EC14E4657C004B2251 /* BufferStreambuf.hh in Headers */ = {isa = PBXBuildFile; fileRef = 936B633E14D4A22700CDE104 /* BufferStreambuf.hh */; settings = {ATTRIBUTES = (Private, ); }; };
		93C9F7ED14E4657C004B2251 /* BufferDetail.hh in Headers */ = {isa = PBXBuildFile; fileRef = 936B634014D4A22700CDE104 /* BufferDetail.hh */; settings = {ATTRIBUTES = (Private, ); }; };
		93C9F7EE14E4657C004B2251 /* BufferDetailIterator.hh in Headers */ = {isa = PBXBuildFile; fileRef = 936B634114D4A22700CDE104 /* BufferDetailIterator.hh */; settings = {ATTRIBUTES = (Private, ); }; };
		93C9F7EF14E4657C004B2251 /* Symbol.hh in Headers */ = {isa = PBXBuildFile; fileRef = 936B636E14D4A34F00CDE104 /* Symbol.hh */; settings = {ATTRIBUTES = (Private, ); }; };
		93C9F7F014E4657C004B2251 /* ValidatingCodec.hh in Headers */ = {isa = PBXBuildFile; fileRef = 936B637014D4A34F00CDE104 /* ValidatingCodec.hh */; settings = {ATTRIBUTES = (Private, ); }; };
		93C9F7F614E4669B004B2251 /* FlexLexer.h in Headers */ = {isa = PBXBuildFile; fileRef = 9317B3BE14D5159D0079A430 /* FlexLexer.h */; settings = {ATTRIBUTES = (Public, ); }; };
/* End PBXBuildFile section */

/* Begin PBXFileReference section */
		9317B3A114D4A61A0079A430 /* boost.framework */ = {isa = PBXFileReference; lastKnownFileType = wrapper.framework; name = boost.framework; path = ../boostoniphone/framework/boost.framework; sourceTree = "<group>"; };
		9317B3AB14D4A8C40079A430 /* BinaryEncoder.cc */ = {isa = PBXFileReference; fileEncoding = 4; lastKnownFileType = sourcecode.cpp.cpp; name = BinaryEncoder.cc; path = "../../c++/impl/BinaryEncoder.cc"; sourceTree = "<group>"; };
		9317B3AD14D4A8DE0079A430 /* Encoder.hh */ = {isa = PBXFileReference; fileEncoding = 4; lastKnownFileType = sourcecode.cpp.h; name = Encoder.hh; path = "../../c++/api/Encoder.hh"; sourceTree = "<group>"; };
		9317B3AF14D4A9A20079A430 /* AvroLex.lpp */ = {isa = PBXFileReference; explicitFileType = sourcecode.lex; fileEncoding = 4; path = AvroLex.lpp; sourceTree = "<group>"; };
		9317B3B314D4AD660079A430 /* AvroYacc.ypp */ = {isa = PBXFileReference; explicitFileType = sourcecode.yacc; fileEncoding = 4; path = AvroYacc.ypp; sourceTree = "<group>"; };
		9317B3BE14D5159D0079A430 /* FlexLexer.h */ = {isa = PBXFileReference; fileEncoding = 4; lastKnownFileType = sourcecode.c.h; path = FlexLexer.h; sourceTree = "<group>"; };
		9317B3D014D6636F0079A430 /* avrogenobjc.cc */ = {isa = PBXFileReference; fileEncoding = 4; lastKnownFileType = sourcecode.cpp.cpp; name = avrogenobjc.cc; path = "../../c++/impl/avrogenobjc.cc"; sourceTree = "<group>"; };
		9328914014DB414F004EDE98 /* AvroLex.ll */ = {isa = PBXFileReference; fileEncoding = 4; lastKnownFileType = sourcecode.asm.llvm; path = AvroLex.ll; sourceTree = "<group>"; };
		9328914114DB414F004EDE98 /* AvroYacc.yy */ = {isa = PBXFileReference; fileEncoding = 4; lastKnownFileType = text; path = AvroYacc.yy; sourceTree = "<group>"; };
		936B62FF14D4A1F900CDE104 /* AvroParse.hh */ = {isa = PBXFileReference; fileEncoding = 4; lastKnownFileType = sourcecode.cpp.h; name = AvroParse.hh; path = "../../c++/api/AvroParse.hh"; sourceTree = "<group>"; };
		936B630014D4A1F900CDE104 /* AvroSerialize.hh */ = {isa = PBXFileReference; fileEncoding = 4; lastKnownFileType = sourcecode.cpp.h; name = AvroSerialize.hh; path = "../../c++/api/AvroSerialize.hh"; sourceTree = "<group>"; };
		936B630114D4A1F900CDE104 /* AvroTraits.hh */ = {isa = PBXFileReference; fileEncoding = 4; lastKnownFileType = sourcecode.cpp.h; name = AvroTraits.hh; path = "../../c++/api/AvroTraits.hh"; sourceTree = "<group>"; };
		936B630214D4A1F900CDE104 /* Boost.hh */ = {isa = PBXFileReference; fileEncoding = 4; lastKnownFileType = sourcecode.cpp.h; name = Boost.hh; path = "../../c++/api/Boost.hh"; sourceTree = "<group>"; };
		936B630314D4A1F900CDE104 /* Compiler.hh */ = {isa = PBXFileReference; fileEncoding = 4; lastKnownFileType = sourcecode.cpp.h; name = Compiler.hh; path = "../../c++/api/Compiler.hh"; sourceTree = "<group>"; };
		936B630414D4A1F900CDE104 /* CompilerNode.hh */ = {isa = PBXFileReference; fileEncoding = 4; lastKnownFileType = sourcecode.cpp.h; name = CompilerNode.hh; path = "../../c++/api/CompilerNode.hh"; sourceTree = "<group>"; };
		936B630514D4A1F900CDE104 /* DataFile.hh */ = {isa = PBXFileReference; fileEncoding = 4; lastKnownFileType = sourcecode.cpp.h; name = DataFile.hh; path = "../../c++/api/DataFile.hh"; sourceTree = "<group>"; };
		936B630614D4A1F900CDE104 /* Decoder.hh */ = {isa = PBXFileReference; fileEncoding = 4; lastKnownFileType = sourcecode.cpp.h; name = Decoder.hh; path = "../../c++/api/Decoder.hh"; sourceTree = "<group>"; };
		936B630714D4A1F900CDE104 /* Exception.hh */ = {isa = PBXFileReference; fileEncoding = 4; lastKnownFileType = sourcecode.cpp.h; name = Exception.hh; path = "../../c++/api/Exception.hh"; sourceTree = "<group>"; };
		936B630814D4A1F900CDE104 /* Generic.hh */ = {isa = PBXFileReference; fileEncoding = 4; lastKnownFileType = sourcecode.cpp.h; name = Generic.hh; path = "../../c++/api/Generic.hh"; sourceTree = "<group>"; };
		936B630914D4A1F900CDE104 /* Layout.hh */ = {isa = PBXFileReference; fileEncoding = 4; lastKnownFileType = sourcecode.cpp.h; name = Layout.hh; path = "../../c++/api/Layout.hh"; sourceTree = "<group>"; };
		936B630A14D4A1F900CDE104 /* Node.hh */ = {isa = PBXFileReference; fileEncoding = 4; lastKnownFileType = sourcecode.cpp.h; name = Node.hh; path = "../../c++/api/Node.hh"; sourceTree = "<group>"; };
		936B630B14D4A1F900CDE104 /* NodeConcepts.hh */ = {isa = PBXFileReference; fileEncoding = 4; lastKnownFileType = sourcecode.cpp.h; name = NodeConcepts.hh; path = "../../c++/api/NodeConcepts.hh"; sourceTree = "<group>"; };
		936B630C14D4A1F900CDE104 /* NodeImpl.hh */ = {isa = PBXFileReference; fileEncoding = 4; lastKnownFileType = sourcecode.cpp.h; name = NodeImpl.hh; path = "../../c++/api/NodeImpl.hh"; sourceTree = "<group>"; };
		936B630D14D4A1F900CDE104 /* Parser.hh */ = {isa = PBXFileReference; fileEncoding = 4; lastKnownFileType = sourcecode.cpp.h; name = Parser.hh; path = "../../c++/api/Parser.hh"; sourceTree = "<group>"; };
		936B630E14D4A1F900CDE104 /* Reader.hh */ = {isa = PBXFileReference; fileEncoding = 4; lastKnownFileType = sourcecode.cpp.h; name = Reader.hh; path = "../../c++/api/Reader.hh"; sourceTree = "<group>"; };
		936B630F14D4A1F900CDE104 /* Resolver.hh */ = {isa = PBXFileReference; fileEncoding = 4; lastKnownFileType = sourcecode.cpp.h; name = Resolver.hh; path = "../../c++/api/Resolver.hh"; sourceTree = "<group>"; };
		936B631014D4A1F900CDE104 /* ResolverSchema.hh */ = {isa = PBXFileReference; fileEncoding = 4; lastKnownFileType = sourcecode.cpp.h; name = ResolverSchema.hh; path = "../../c++/api/ResolverSchema.hh"; sourceTree = "<group>"; };
		936B631114D4A1F900CDE104 /* ResolvingReader.hh */ = {isa = PBXFileReference; fileEncoding = 4; lastKnownFileType = sourcecode.cpp.h; name = ResolvingReader.hh; path = "../../c++/api/ResolvingReader.hh"; sourceTree = "<group>"; };
		936B631214D4A1F900CDE104 /* Schema.hh */ = {isa = PBXFileReference; fileEncoding = 4; lastKnownFileType = sourcecode.cpp.h; name = Schema.hh; path = "../../c++/api/Schema.hh"; sourceTree = "<group>"; };
		936B631314D4A1F900CDE104 /* SchemaResolution.hh */ = {isa = PBXFileReference; fileEncoding = 4; lastKnownFileType = sourcecode.cpp.h; name = SchemaResolution.hh; path = "../../c++/api/SchemaResolution.hh"; sourceTree = "<group>"; };
		936B631414D4A1F900CDE104 /* Serializer.hh */ = {isa = PBXFileReference; fileEncoding = 4; lastKnownFileType = sourcecode.cpp.h; name = Serializer.hh; path = "../../c++/api/Serializer.hh"; sourceTree = "<group>"; };
		936B631514D4A1F900CDE104 /* Specific.hh */ = {isa = PBXFileReference; fileEncoding = 4; lastKnownFileType = sourcecode.cpp.h; name = Specific.hh; path = "../../c++/api/Specific.hh"; sourceTree = "<group>"; };
		936B631614D4A1F900CDE104 /* Stream.hh */ = {isa = PBXFileReference; fileEncoding = 4; lastKnownFileType = sourcecode.cpp.h; name = Stream.hh; path = "../../c++/api/Stream.hh"; sourceTree = "<group>"; };
		936B631714D4A1F900CDE104 /* SymbolMap.hh */ = {isa = PBXFileReference; fileEncoding = 4; lastKnownFileType = sourcecode.cpp.h; name = SymbolMap.hh; path = "../../c++/api/SymbolMap.hh"; sourceTree = "<group>"; };
		936B631814D4A1F900CDE104 /* Types.hh */ = {isa = PBXFileReference; fileEncoding = 4; lastKnownFileType = sourcecode.cpp.h; name = Types.hh; path = "../../c++/api/Types.hh"; sourceTree = "<group>"; };
		936B631914D4A1F900CDE104 /* Validator.hh */ = {isa = PBXFileReference; fileEncoding = 4; lastKnownFileType = sourcecode.cpp.h; name = Validator.hh; path = "../../c++/api/Validator.hh"; sourceTree = "<group>"; };
		936B631A14D4A1F900CDE104 /* ValidSchema.hh */ = {isa = PBXFileReference; fileEncoding = 4; lastKnownFileType = sourcecode.cpp.h; name = ValidSchema.hh; path = "../../c++/api/ValidSchema.hh"; sourceTree = "<group>"; };
		936B631B14D4A1F900CDE104 /* Zigzag.hh */ = {isa = PBXFileReference; fileEncoding = 4; lastKnownFileType = sourcecode.cpp.h; name = Zigzag.hh; path = "../../c++/api/Zigzag.hh"; sourceTree = "<group>"; };
		936B633A14D4A22700CDE104 /* Buffer.hh */ = {isa = PBXFileReference; fileEncoding = 4; lastKnownFileType = sourcecode.cpp.h; name = Buffer.hh; path = "../../c++/api/buffer/Buffer.hh"; sourceTree = "<group>"; };
		936B633B14D4A22700CDE104 /* BufferPrint.hh */ = {isa = PBXFileReference; fileEncoding = 4; lastKnownFileType = sourcecode.cpp.h; name = BufferPrint.hh; path = "../../c++/api/buffer/BufferPrint.hh"; sourceTree = "<group>"; };
		936B633C14D4A22700CDE104 /* BufferReader.hh */ = {isa = PBXFileReference; fileEncoding = 4; lastKnownFileType = sourcecode.cpp.h; name = BufferReader.hh; path = "../../c++/api/buffer/BufferReader.hh"; sourceTree = "<group>"; };
		936B633D14D4A22700CDE104 /* BufferStream.hh */ = {isa = PBXFileReference; fileEncoding = 4; lastKnownFileType = sourcecode.cpp.h; name = BufferStream.hh; path = "../../c++/api/buffer/BufferStream.hh"; sourceTree = "<group>"; };
		936B633E14D4A22700CDE104 /* BufferStreambuf.hh */ = {isa = PBXFileReference; fileEncoding = 4; lastKnownFileType = sourcecode.cpp.h; name = BufferStreambuf.hh; path = "../../c++/api/buffer/BufferStreambuf.hh"; sourceTree = "<group>"; };
		936B634014D4A22700CDE104 /* BufferDetail.hh */ = {isa = PBXFileReference; fileEncoding = 4; lastKnownFileType = sourcecode.cpp.h; path = BufferDetail.hh; sourceTree = "<group>"; };
		936B634114D4A22700CDE104 /* BufferDetailIterator.hh */ = {isa = PBXFileReference; fileEncoding = 4; lastKnownFileType = sourcecode.cpp.h; path = BufferDetailIterator.hh; sourceTree = "<group>"; };
		936B634A14D4A33900CDE104 /* BinaryDecoder.cc */ = {isa = PBXFileReference; fileEncoding = 4; lastKnownFileType = sourcecode.cpp.cpp; name = BinaryDecoder.cc; path = "../../c++/impl/BinaryDecoder.cc"; sourceTree = "<group>"; };
		936B634B14D4A33900CDE104 /* Compiler.cc */ = {isa = PBXFileReference; fileEncoding = 4; lastKnownFileType = sourcecode.cpp.cpp; name = Compiler.cc; path = "../../c++/impl/Compiler.cc"; sourceTree = "<group>"; };
		936B634C14D4A33900CDE104 /* CompilerNode.cc */ = {isa = PBXFileReference; fileEncoding = 4; lastKnownFileType = sourcecode.cpp.cpp; name = CompilerNode.cc; path = "../../c++/impl/CompilerNode.cc"; sourceTree = "<group>"; };
		936B634D14D4A33900CDE104 /* DataFile.cc */ = {isa = PBXFileReference; fileEncoding = 4; lastKnownFileType = sourcecode.cpp.cpp; name = DataFile.cc; path = "../../c++/impl/DataFile.cc"; sourceTree = "<group>"; };
		936B634E14D4A33900CDE104 /* FileStream.cc */ = {isa = PBXFileReference; fileEncoding = 4; lastKnownFileType = sourcecode.cpp.cpp; name = FileStream.cc; path = "../../c++/impl/FileStream.cc"; sourceTree = "<group>"; };
		936B634F14D4A33900CDE104 /* Generic.cc */ = {isa = PBXFileReference; fileEncoding = 4; lastKnownFileType = sourcecode.cpp.cpp; name = Generic.cc; path = "../../c++/impl/Generic.cc"; sourceTree = "<group>"; };
		936B635014D4A33900CDE104 /* Node.cc */ = {isa = PBXFileReference; fileEncoding = 4; lastKnownFileType = sourcecode.cpp.cpp; name = Node.cc; path = "../../c++/impl/Node.cc"; sourceTree = "<group>"; };
		936B635114D4A33900CDE104 /* NodeImpl.cc */ = {isa = PBXFileReference; fileEncoding = 4; lastKnownFileType = sourcecode.cpp.cpp; name = NodeImpl.cc; path = "../../c++/impl/NodeImpl.cc"; sourceTree = "<group>"; };
		936B635214D4A33900CDE104 /* Resolver.cc */ = {isa = PBXFileReference; fileEncoding = 4; lastKnownFileType = sourcecode.cpp.cpp; name = Resolver.cc; path = "../../c++/impl/Resolver.cc"; sourceTree = "<group>"; };
		936B635314D4A33900CDE104 /* ResolverSchema.cc */ = {isa = PBXFileReference; fileEncoding = 4; lastKnownFileType = sourcecode.cpp.cpp; name = ResolverSchema.cc; path = "../../c++/impl/ResolverSchema.cc"; sourceTree = "<group>"; };
		936B635414D4A33900CDE104 /* Schema.cc */ = {isa = PBXFileReference; fileEncoding = 4; lastKnownFileType = sourcecode.cpp.cpp; name = Schema.cc; path = "../../c++/impl/Schema.cc"; sourceTree = "<group>"; };
		936B635514D4A33900CDE104 /* Stream.cc */ = {isa = PBXFileReference; fileEncoding = 4; lastKnownFileType = sourcecode.cpp.cpp; name = Stream.cc; path = "../../c++/impl/Stream.cc"; sourceTree = "<group>"; };
		936B635614D4A33900CDE104 /* Types.cc */ = {isa = PBXFileReference; fileEncoding = 4; lastKnownFileType = sourcecode.cpp.cpp; name = Types.cc; path = "../../c++/impl/Types.cc"; sourceTree = "<group>"; };
		936B635714D4A33900CDE104 /* Validator.cc */ = {isa = PBXFileReference; fileEncoding = 4; lastKnownFileType = sourcecode.cpp.cpp; name = Validator.cc; path = "../../c++/impl/Validator.cc"; sourceTree = "<group>"; };
		936B635814D4A33900CDE104 /* ValidSchema.cc */ = {isa = PBXFileReference; fileEncoding = 4; lastKnownFileType = sourcecode.cpp.cpp; name = ValidSchema.cc; path = "../../c++/impl/ValidSchema.cc"; sourceTree = "<group>"; };
		936B635914D4A33900CDE104 /* Zigzag.cc */ = {isa = PBXFileReference; fileEncoding = 4; lastKnownFileType = sourcecode.cpp.cpp; name = Zigzag.cc; path = "../../c++/impl/Zigzag.cc"; sourceTree = "<group>"; };
		936B636B14D4A34F00CDE104 /* JsonCodec.cc */ = {isa = PBXFileReference; fileEncoding = 4; lastKnownFileType = sourcecode.cpp.cpp; name = JsonCodec.cc; path = "../../c++/impl/parsing/JsonCodec.cc"; sourceTree = "<group>"; };
		936B636C14D4A34F00CDE104 /* ResolvingDecoder.cc */ = {isa = PBXFileReference; fileEncoding = 4; lastKnownFileType = sourcecode.cpp.cpp; name = ResolvingDecoder.cc; path = "../../c++/impl/parsing/ResolvingDecoder.cc"; sourceTree = "<group>"; };
		936B636D14D4A34F00CDE104 /* Symbol.cc */ = {isa = PBXFileReference; fileEncoding = 4; lastKnownFileType = sourcecode.cpp.cpp; name = Symbol.cc; path = "../../c++/impl/parsing/Symbol.cc"; sourceTree = "<group>"; };
		936B636E14D4A34F00CDE104 /* Symbol.hh */ = {isa = PBXFileReference; fileEncoding = 4; lastKnownFileType = sourcecode.cpp.h; name = Symbol.hh; path = "../../c++/impl/parsing/Symbol.hh"; sourceTree = "<group>"; };
		936B636F14D4A34F00CDE104 /* ValidatingCodec.cc */ = {isa = PBXFileReference; fileEncoding = 4; lastKnownFileType = sourcecode.cpp.cpp; name = ValidatingCodec.cc; path = "../../c++/impl/parsing/ValidatingCodec.cc"; sourceTree = "<group>"; };
		936B637014D4A34F00CDE104 /* ValidatingCodec.hh */ = {isa = PBXFileReference; fileEncoding = 4; lastKnownFileType = sourcecode.cpp.h; name = ValidatingCodec.hh; path = "../../c++/impl/parsing/ValidatingCodec.hh"; sourceTree = "<group>"; };
		93934B8C14E1CEA700BCB29C /* avrogencpp.cc */ = {isa = PBXFileReference; lastKnownFileType = sourcecode.cpp.cpp; name = avrogencpp.cc; path = "../../c++/impl/avrogencpp.cc"; sourceTree = "<group>"; };
		93B583C614E462720088216E /* avro.framework */ = {isa = PBXFileReference; explicitFileType = wrapper.cfbundle; includeInIndex = 0; path = avro.framework; sourceTree = BUILT_PRODUCTS_DIR; };
		93B583CB14E462720088216E /* avro-Info.plist */ = {isa = PBXFileReference; lastKnownFileType = text.plist.xml; path = "avro-Info.plist"; sourceTree = "<group>"; };
		93B583CD14E462720088216E /* en */ = {isa = PBXFileReference; lastKnownFileType = text.plist.strings; name = en; path = en.lproj/InfoPlist.strings; sourceTree = "<group>"; };
		93B583CF14E462720088216E /* avro-Prefix.pch */ = {isa = PBXFileReference; lastKnownFileType = sourcecode.c.h; path = "avro-Prefix.pch"; sourceTree = "<group>"; };
		93C9F7AF14E46433004B2251 /* Foundation.framework */ = {isa = PBXFileReference; lastKnownFileType = wrapper.framework; name = Foundation.framework; path = System/Library/Frameworks/Foundation.framework; sourceTree = SDKROOT; };
/* End PBXFileReference section */

/* Begin PBXFrameworksBuildPhase section */
		93B583C314E462720088216E /* Frameworks */ = {
			isa = PBXFrameworksBuildPhase;
			buildActionMask = 2147483647;
			files = (
			);
			runOnlyForDeploymentPostprocessing = 0;
		};
/* End PBXFrameworksBuildPhase section */

/* Begin PBXGroup section */
		9328913F14DB414F004EDE98 /* parser */ = {
			isa = PBXGroup;
			children = (
				9328914014DB414F004EDE98 /* AvroLex.ll */,
				9328914114DB414F004EDE98 /* AvroYacc.yy */,
			);
			name = parser;
			path = "../../c++/parser";
			sourceTree = "<group>";
		};
		936B62C814D49BBD00CDE104 = {
			isa = PBXGroup;
			children = (
				936B62FD14D49BDC00CDE104 /* avrocpp */,
				93B583C914E462720088216E /* avro */,
				936B62D514D49BBD00CDE104 /* Frameworks */,
				936B62D414D49BBD00CDE104 /* Products */,
			);
			sourceTree = "<group>";
		};
		936B62D414D49BBD00CDE104 /* Products */ = {
			isa = PBXGroup;
			children = (
				93B583C614E462720088216E /* avro.framework */,
			);
			name = Products;
			sourceTree = "<group>";
		};
		936B62D514D49BBD00CDE104 /* Frameworks */ = {
			isa = PBXGroup;
			children = (
				93C9F7AF14E46433004B2251 /* Foundation.framework */,
				9317B3A114D4A61A0079A430 /* boost.framework */,
			);
			name = Frameworks;
			sourceTree = "<group>";
		};
		936B62FD14D49BDC00CDE104 /* avrocpp */ = {
			isa = PBXGroup;
			children = (
				936B62FE14D49BFF00CDE104 /* api */,
				936B634914D4A24F00CDE104 /* impl */,
				9328913F14DB414F004EDE98 /* parser */,
			);
			name = avrocpp;
			sourceTree = "<group>";
		};
		936B62FE14D49BFF00CDE104 /* api */ = {
			isa = PBXGroup;
			children = (
				936B633914D4A20100CDE104 /* buffer */,
				936B62FF14D4A1F900CDE104 /* AvroParse.hh */,
				936B630014D4A1F900CDE104 /* AvroSerialize.hh */,
				936B630114D4A1F900CDE104 /* AvroTraits.hh */,
				936B630214D4A1F900CDE104 /* Boost.hh */,
				936B630314D4A1F900CDE104 /* Compiler.hh */,
				936B630414D4A1F900CDE104 /* CompilerNode.hh */,
				936B630514D4A1F900CDE104 /* DataFile.hh */,
				936B630614D4A1F900CDE104 /* Decoder.hh */,
				9317B3AD14D4A8DE0079A430 /* Encoder.hh */,
				936B630714D4A1F900CDE104 /* Exception.hh */,
				936B630814D4A1F900CDE104 /* Generic.hh */,
				936B630914D4A1F900CDE104 /* Layout.hh */,
				936B630A14D4A1F900CDE104 /* Node.hh */,
				936B630B14D4A1F900CDE104 /* NodeConcepts.hh */,
				936B630C14D4A1F900CDE104 /* NodeImpl.hh */,
				936B630D14D4A1F900CDE104 /* Parser.hh */,
				936B630E14D4A1F900CDE104 /* Reader.hh */,
				936B630F14D4A1F900CDE104 /* Resolver.hh */,
				936B631014D4A1F900CDE104 /* ResolverSchema.hh */,
				936B631114D4A1F900CDE104 /* ResolvingReader.hh */,
				936B631214D4A1F900CDE104 /* Schema.hh */,
				936B631314D4A1F900CDE104 /* SchemaResolution.hh */,
				936B631414D4A1F900CDE104 /* Serializer.hh */,
				936B631514D4A1F900CDE104 /* Specific.hh */,
				936B631614D4A1F900CDE104 /* Stream.hh */,
				936B631714D4A1F900CDE104 /* SymbolMap.hh */,
				936B631814D4A1F900CDE104 /* Types.hh */,
				936B631914D4A1F900CDE104 /* Validator.hh */,
				936B631A14D4A1F900CDE104 /* ValidSchema.hh */,
				936B631B14D4A1F900CDE104 /* Zigzag.hh */,
			);
			name = api;
			sourceTree = "<group>";
		};
		936B633914D4A20100CDE104 /* buffer */ = {
			isa = PBXGroup;
			children = (
				936B633A14D4A22700CDE104 /* Buffer.hh */,
				936B633B14D4A22700CDE104 /* BufferPrint.hh */,
				936B633C14D4A22700CDE104 /* BufferReader.hh */,
				936B633D14D4A22700CDE104 /* BufferStream.hh */,
				936B633E14D4A22700CDE104 /* BufferStreambuf.hh */,
				936B633F14D4A22700CDE104 /* detail */,
			);
			name = buffer;
			sourceTree = "<group>";
		};
		936B633F14D4A22700CDE104 /* detail */ = {
			isa = PBXGroup;
			children = (
				936B634014D4A22700CDE104 /* BufferDetail.hh */,
				936B634114D4A22700CDE104 /* BufferDetailIterator.hh */,
			);
			name = detail;
			path = "../../c++/api/buffer/detail";
			sourceTree = "<group>";
		};
		936B634914D4A24F00CDE104 /* impl */ = {
			isa = PBXGroup;
			children = (
				93934B8C14E1CEA700BCB29C /* avrogencpp.cc */,
				9317B3D014D6636F0079A430 /* avrogenobjc.cc */,
				936B636A14D4A33E00CDE104 /* parsing */,
				936B634A14D4A33900CDE104 /* BinaryDecoder.cc */,
				9317B3AB14D4A8C40079A430 /* BinaryEncoder.cc */,
				936B634B14D4A33900CDE104 /* Compiler.cc */,
				936B634C14D4A33900CDE104 /* CompilerNode.cc */,
				936B634D14D4A33900CDE104 /* DataFile.cc */,
				936B634E14D4A33900CDE104 /* FileStream.cc */,
				936B634F14D4A33900CDE104 /* Generic.cc */,
				936B635014D4A33900CDE104 /* Node.cc */,
				936B635114D4A33900CDE104 /* NodeImpl.cc */,
				936B635214D4A33900CDE104 /* Resolver.cc */,
				936B635314D4A33900CDE104 /* ResolverSchema.cc */,
				936B635414D4A33900CDE104 /* Schema.cc */,
				936B635514D4A33900CDE104 /* Stream.cc */,
				936B635614D4A33900CDE104 /* Types.cc */,
				936B635714D4A33900CDE104 /* Validator.cc */,
				936B635814D4A33900CDE104 /* ValidSchema.cc */,
				936B635914D4A33900CDE104 /* Zigzag.cc */,
			);
			name = impl;
			sourceTree = "<group>";
		};
		936B636A14D4A33E00CDE104 /* parsing */ = {
			isa = PBXGroup;
			children = (
				936B636B14D4A34F00CDE104 /* JsonCodec.cc */,
				936B636C14D4A34F00CDE104 /* ResolvingDecoder.cc */,
				936B636D14D4A34F00CDE104 /* Symbol.cc */,
				936B636E14D4A34F00CDE104 /* Symbol.hh */,
				936B636F14D4A34F00CDE104 /* ValidatingCodec.cc */,
				936B637014D4A34F00CDE104 /* ValidatingCodec.hh */,
			);
			name = parsing;
			sourceTree = "<group>";
		};
		93B583C914E462720088216E /* avro */ = {
			isa = PBXGroup;
			children = (
				9317B3BE14D5159D0079A430 /* FlexLexer.h */,
				9317B3B314D4AD660079A430 /* AvroYacc.ypp */,
				9317B3AF14D4A9A20079A430 /* AvroLex.lpp */,
				93B583CA14E462720088216E /* Supporting Files */,
			);
			path = avro;
			sourceTree = "<group>";
		};
		93B583CA14E462720088216E /* Supporting Files */ = {
			isa = PBXGroup;
			children = (
				93B583CB14E462720088216E /* avro-Info.plist */,
				93B583CC14E462720088216E /* InfoPlist.strings */,
				93B583CF14E462720088216E /* avro-Prefix.pch */,
			);
			name = "Supporting Files";
			sourceTree = "<group>";
		};
/* End PBXGroup section */

/* Begin PBXHeadersBuildPhase section */
		93C9F7C914E464F8004B2251 /* Headers */ = {
			isa = PBXHeadersBuildPhase;
			buildActionMask = 2147483647;
			files = (
				93C9F7CA14E46525004B2251 /* AvroParse.hh in Headers */,
				93C9F7CB14E46525004B2251 /* AvroSerialize.hh in Headers */,
				93C9F7CC14E46525004B2251 /* AvroTraits.hh in Headers */,
				93C9F7CD14E46525004B2251 /* Boost.hh in Headers */,
				93C9F7CE14E46525004B2251 /* Compiler.hh in Headers */,
				93C9F7CF14E46525004B2251 /* CompilerNode.hh in Headers */,
				93C9F7D014E46525004B2251 /* DataFile.hh in Headers */,
				93C9F7D114E46525004B2251 /* Decoder.hh in Headers */,
				93C9F7D214E46525004B2251 /* Encoder.hh in Headers */,
				93C9F7D314E46525004B2251 /* Exception.hh in Headers */,
				93C9F7F614E4669B004B2251 /* FlexLexer.h in Headers */,
				93C9F7D414E46525004B2251 /* Generic.hh in Headers */,
				93C9F7D514E46525004B2251 /* Layout.hh in Headers */,
				93C9F7D614E46525004B2251 /* Node.hh in Headers */,
				93C9F7D714E46525004B2251 /* NodeConcepts.hh in Headers */,
				93C9F7D814E46525004B2251 /* NodeImpl.hh in Headers */,
				93C9F7D914E46525004B2251 /* Parser.hh in Headers */,
				93C9F7DA14E46525004B2251 /* Reader.hh in Headers */,
				93C9F7DB14E46525004B2251 /* Resolver.hh in Headers */,
				93C9F7DC14E46525004B2251 /* ResolverSchema.hh in Headers */,
				93C9F7DD14E46525004B2251 /* ResolvingReader.hh in Headers */,
				93C9F7DE14E46525004B2251 /* Schema.hh in Headers */,
				93C9F7DF14E46525004B2251 /* SchemaResolution.hh in Headers */,
				93C9F7E014E46525004B2251 /* Serializer.hh in Headers */,
				93C9F7E114E46525004B2251 /* Specific.hh in Headers */,
				93C9F7E214E46525004B2251 /* Stream.hh in Headers */,
				93C9F7E314E46525004B2251 /* SymbolMap.hh in Headers */,
				93C9F7E414E46525004B2251 /* Types.hh in Headers */,
				93C9F7E514E46525004B2251 /* Validator.hh in Headers */,
				93C9F7E614E46525004B2251 /* ValidSchema.hh in Headers */,
				93C9F7E714E46525004B2251 /* Zigzag.hh in Headers */,
				93C9F7E814E4657C004B2251 /* Buffer.hh in Headers */,
				93C9F7E914E4657C004B2251 /* BufferPrint.hh in Headers */,
				93C9F7EA14E4657C004B2251 /* BufferReader.hh in Headers */,
				93C9F7EB14E4657C004B2251 /* BufferStream.hh in Headers */,
				93C9F7EC14E4657C004B2251 /* BufferStreambuf.hh in Headers */,
				93C9F7ED14E4657C004B2251 /* BufferDetail.hh in Headers */,
				93C9F7EE14E4657C004B2251 /* BufferDetailIterator.hh in Headers */,
				93C9F7EF14E4657C004B2251 /* Symbol.hh in Headers */,
				93C9F7F014E4657C004B2251 /* ValidatingCodec.hh in Headers */,
			);
			runOnlyForDeploymentPostprocessing = 0;
		};
/* End PBXHeadersBuildPhase section */

/* Begin PBXNativeTarget section */
		93B583C514E462720088216E /* avro */ = {
			isa = PBXNativeTarget;
			buildConfigurationList = 93B583D014E462720088216E /* Build configuration list for PBXNativeTarget "avro" */;
			buildPhases = (
				93B583C214E462720088216E /* Sources */,
				93B583C314E462720088216E /* Frameworks */,
				93B583C414E462720088216E /* Resources */,
				93C9F7C914E464F8004B2251 /* Headers */,
			);
			buildRules = (
			);
			dependencies = (
			);
			name = avro;
			productName = avro;
			productReference = 93B583C614E462720088216E /* avro.framework */;
			productType = "com.apple.product-type.bundle";
		};
/* End PBXNativeTarget section */

/* Begin PBXProject section */
		936B62CA14D49BBD00CDE104 /* Project object */ = {
			isa = PBXProject;
			attributes = {
				LastUpgradeCheck = 0420;
				ORGANIZATIONNAME = "Biff Labs";
			};
			buildConfigurationList = 936B62CD14D49BBD00CDE104 /* Build configuration list for PBXProject "avro" */;
			compatibilityVersion = "Xcode 3.2";
			developmentRegion = English;
			hasScannedForEncodings = 0;
			knownRegions = (
				en,
			);
			mainGroup = 936B62C814D49BBD00CDE104;
			productRefGroup = 936B62D414D49BBD00CDE104 /* Products */;
			projectDirPath = "";
			projectRoot = "";
			targets = (
				93B583C514E462720088216E /* avro */,
				93C9F7F114E465B5004B2251 /* avro Universal Framework */,
			);
		};
/* End PBXProject section */

/* Begin PBXResourcesBuildPhase section */
		93B583C414E462720088216E /* Resources */ = {
			isa = PBXResourcesBuildPhase;
			buildActionMask = 2147483647;
			files = (
				93B583CE14E462720088216E /* InfoPlist.strings in Resources */,
			);
			runOnlyForDeploymentPostprocessing = 0;
		};
/* End PBXResourcesBuildPhase section */

/* Begin PBXShellScriptBuildPhase section */
		93C9F7F514E465CB004B2251 /* ShellScript */ = {
			isa = PBXShellScriptBuildPhase;
			buildActionMask = 2147483647;
			files = (
			);
			inputPaths = (
			);
			outputPaths = (
			);
			runOnlyForDeploymentPostprocessing = 0;
			shellPath = /bin/sh;
			shellScript = "# Sets the target folders and the final framework product.\nFMK_NAME=avro\nFMK_VERSION=A\n\n# Install dir will be the final output to the framework.\n# The following line create it in the root folder of the current project.\nINSTALL_DIR=${SRCROOT}/Products/${FMK_NAME}.framework\n\n# Working dir will be deleted after the framework creation.\nWRK_DIR=build\nDEVICE_DIR=${WRK_DIR}/Release-iphoneos/${FMK_NAME}.framework\nSIMULATOR_DIR=${WRK_DIR}/Release-iphonesimulator/${FMK_NAME}.framework\n\n# Building both architectures.\nxcodebuild -configuration \"Release\" -target \"${FMK_NAME}\" -sdk iphoneos\nxcodebuild -configuration \"Release\" -target \"${FMK_NAME}\" -sdk iphonesimulator\n\n# Cleaning the oldest.\nif [ -d \"${INSTALL_DIR}\" ]\nthen\nrm -rf \"${INSTALL_DIR}\"\nfi\n\n# Creates and renews the final product folder.\nmkdir -p \"${INSTALL_DIR}\"\nmkdir -p \"${INSTALL_DIR}/Versions\"\nmkdir -p \"${INSTALL_DIR}/Versions/${FMK_VERSION}\"\nmkdir -p \"${INSTALL_DIR}/Versions/${FMK_VERSION}/Resources\"\nmkdir -p \"${INSTALL_DIR}/Versions/${FMK_VERSION}/Headers\"\n\n# Creates the internal links.\n# It MUST uses relative path, otherwise will not work when the folder is copied/moved.\nln -s \"${FMK_VERSION}\" \"${INSTALL_DIR}/Versions/Current\"\nln -s \"Versions/Current/Headers\" \"${INSTALL_DIR}/Headers\"\nln -s \"Versions/Current/Resources\" \"${INSTALL_DIR}/Resources\"\nln -s \"Versions/Current/${FMK_NAME}\" \"${INSTALL_DIR}/${FMK_NAME}\"\n\n# Copies the headers and resources files to the final product folder.\ncp -R \"${DEVICE_DIR}/Headers/\" \"${INSTALL_DIR}/Versions/${FMK_VERSION}/Headers/\"\ncp -R \"${DEVICE_DIR}/\" \"${INSTALL_DIR}/Versions/${FMK_VERSION}/Resources/\"\n\n# Removes the binary and header from the resources folder.\nrm -r \"${INSTALL_DIR}/Versions/${FMK_VERSION}/Resources/Headers\" \"${INSTALL_DIR}/Versions/${FMK_VERSION}/Resources/${FMK_NAME}\"\n\n# Uses the Lipo Tool to merge both binary files (i386 + armv6/armv7) into one Universal final product.\nlipo -create \"${DEVICE_DIR}/${FMK_NAME}\" \"${SIMULATOR_DIR}/${FMK_NAME}\" -output \"${INSTALL_DIR}/Versions/${FMK_VERSION}/${FMK_NAME}\"\n\nrm -r \"${WRK_DIR}\"";
		};
/* End PBXShellScriptBuildPhase section */

/* Begin PBXSourcesBuildPhase section */
		93B583C214E462720088216E /* Sources */ = {
			isa = PBXSourcesBuildPhase;
			buildActionMask = 2147483647;
			files = (
				93C9F7B214E464BA004B2251 /* JsonCodec.cc in Sources */,
				93C9F7B314E464BA004B2251 /* ResolvingDecoder.cc in Sources */,
				93C9F7B414E464BA004B2251 /* Symbol.cc in Sources */,
				93C9F7B514E464BA004B2251 /* ValidatingCodec.cc in Sources */,
				93C9F7B614E464BA004B2251 /* BinaryDecoder.cc in Sources */,
				93C9F7B714E464BA004B2251 /* BinaryEncoder.cc in Sources */,
				93C9F7B814E464BA004B2251 /* Compiler.cc in Sources */,
				93C9F7B914E464BA004B2251 /* CompilerNode.cc in Sources */,
				93C9F7BA14E464BA004B2251 /* DataFile.cc in Sources */,
				93C9F7BB14E464BA004B2251 /* FileStream.cc in Sources */,
				93C9F7BC14E464BA004B2251 /* Generic.cc in Sources */,
				93C9F7BD14E464BA004B2251 /* Node.cc in Sources */,
				93C9F7BE14E464BA004B2251 /* NodeImpl.cc in Sources */,
				93C9F7BF14E464BA004B2251 /* Resolver.cc in Sources */,
				93C9F7C014E464BA004B2251 /* ResolverSchema.cc in Sources */,
				93C9F7C114E464BA004B2251 /* Schema.cc in Sources */,
				93C9F7C214E464BA004B2251 /* Stream.cc in Sources */,
				93C9F7C314E464BA004B2251 /* Types.cc in Sources */,
				93C9F7C414E464BA004B2251 /* Validator.cc in Sources */,
				93C9F7C514E464BA004B2251 /* ValidSchema.cc in Sources */,
				93C9F7C614E464BA004B2251 /* Zigzag.cc in Sources */,
				93C9F7C714E464BA004B2251 /* AvroYacc.ypp in Sources */,
				93C9F7C814E464BA004B2251 /* AvroLex.lpp in Sources */,
			);
			runOnlyForDeploymentPostprocessing = 0;
		};
/* End PBXSourcesBuildPhase section */

/* Begin PBXVariantGroup section */
		93B583CC14E462720088216E /* InfoPlist.strings */ = {
			isa = PBXVariantGroup;
			children = (
				93B583CD14E462720088216E /* en */,
			);
			name = InfoPlist.strings;
			sourceTree = "<group>";
		};
/* End PBXVariantGroup section */

/* Begin XCBuildConfiguration section */
		936B62F514D49BBD00CDE104 /* Debug */ = {
			isa = XCBuildConfiguration;
			buildSettings = {
				ALWAYS_SEARCH_USER_PATHS = NO;
				ARCHS = "$(ARCHS_STANDARD_32_BIT)";
				CLANG_CXX_LIBRARY = "compiler-default";
				CLANG_ENABLE_OBJC_ARC = YES;
				COPY_PHASE_STRIP = NO;
				GCC_C_LANGUAGE_STANDARD = gnu99;
				GCC_DYNAMIC_NO_PIC = NO;
				GCC_OPTIMIZATION_LEVEL = 0;
				GCC_PREPROCESSOR_DEFINITIONS = (
					"DEBUG=1",
					"$(inherited)",
				);
				GCC_SYMBOLS_PRIVATE_EXTERN = NO;
				GCC_VERSION = com.apple.compilers.llvm.clang.1_0;
				GCC_WARN_ABOUT_MISSING_PROTOTYPES = YES;
				GCC_WARN_ABOUT_RETURN_TYPE = YES;
				GCC_WARN_UNUSED_VARIABLE = YES;
				IPHONEOS_DEPLOYMENT_TARGET = 5.0;
				SDKROOT = iphoneos;
			};
			name = Debug;
		};
		936B62F614D49BBD00CDE104 /* Release */ = {
			isa = XCBuildConfiguration;
			buildSettings = {
				ALWAYS_SEARCH_USER_PATHS = NO;
				ARCHS = "$(ARCHS_STANDARD_32_BIT)";
				CLANG_CXX_LIBRARY = "compiler-default";
				CLANG_ENABLE_OBJC_ARC = YES;
				COPY_PHASE_STRIP = YES;
				GCC_C_LANGUAGE_STANDARD = gnu99;
				GCC_VERSION = com.apple.compilers.llvm.clang.1_0;
				GCC_WARN_ABOUT_MISSING_PROTOTYPES = YES;
				GCC_WARN_ABOUT_RETURN_TYPE = YES;
				GCC_WARN_UNUSED_VARIABLE = YES;
				IPHONEOS_DEPLOYMENT_TARGET = 5.0;
				SDKROOT = iphoneos;
				VALIDATE_PRODUCT = YES;
			};
			name = Release;
		};
		93B583D114E462720088216E /* Debug */ = {
			isa = XCBuildConfiguration;
			buildSettings = {
				ARCHS = "$(ARCHS_STANDARD_32_BIT)";
				DEAD_CODE_STRIPPING = NO;
				FRAMEWORK_SEARCH_PATHS = "~/biff/avro/lang/objc/boostoniphone/framework/**";
				GCC_ENABLE_OBJC_EXCEPTIONS = YES;
				GCC_PRECOMPILE_PREFIX_HEADER = YES;
				GCC_PREFIX_HEADER = "avro/avro-Prefix.pch";
				GCC_VERSION = "";
				GCC_WARN_64_TO_32_BIT_CONVERSION = YES;
				INFOPLIST_FILE = "avro/avro-Info.plist";
				INSTALL_PATH = "$(LOCAL_LIBRARY_DIR)/Bundles";
				LINK_WITH_STANDARD_LIBRARIES = NO;
				MACH_O_TYPE = mh_object;
				MACOSX_DEPLOYMENT_TARGET = "";
				ONLY_ACTIVE_ARCH = NO;
				PRODUCT_NAME = "$(TARGET_NAME)";
				SDKROOT = iphoneos;
				TARGETED_DEVICE_FAMILY = "1,2";
				WRAPPER_EXTENSION = framework;
			};
			name = Debug;
		};
		93B583D214E462720088216E /* Release */ = {
			isa = XCBuildConfiguration;
			buildSettings = {
				ARCHS = "$(ARCHS_STANDARD_32_BIT)";
				DEAD_CODE_STRIPPING = NO;
				DEBUG_INFORMATION_FORMAT = "dwarf-with-dsym";
				FRAMEWORK_SEARCH_PATHS = "~/biff/avro/lang/objc/boostoniphone/framework/**";
				GCC_ENABLE_OBJC_EXCEPTIONS = YES;
				GCC_PRECOMPILE_PREFIX_HEADER = YES;
				GCC_PREFIX_HEADER = "avro/avro-Prefix.pch";
				GCC_VERSION = "";
				GCC_WARN_64_TO_32_BIT_CONVERSION = YES;
				INFOPLIST_FILE = "avro/avro-Info.plist";
				INSTALL_PATH = "$(LOCAL_LIBRARY_DIR)/Bundles";
				LINK_WITH_STANDARD_LIBRARIES = NO;
				MACH_O_TYPE = mh_object;
				MACOSX_DEPLOYMENT_TARGET = "";
				ONLY_ACTIVE_ARCH = NO;
				PRODUCT_NAME = "$(TARGET_NAME)";
				SDKROOT = iphoneos;
				TARGETED_DEVICE_FAMILY = "1,2";
				WRAPPER_EXTENSION = framework;
			};
			name = Release;
		};
		93C9F7F314E465B6004B2251 /* Debug */ = {
			isa = XCBuildConfiguration;
			buildSettings = {
				PRODUCT_NAME = "$(TARGET_NAME)";
			};
			name = Debug;
		};
		93C9F7F414E465B6004B2251 /* Release */ = {
			isa = XCBuildConfiguration;
			buildSettings = {
				PRODUCT_NAME = "$(TARGET_NAME)";
			};
			name = Release;
		};
/* End XCBuildConfiguration section */

/* Begin XCConfigurationList section */
		936B62CD14D49BBD00CDE104 /* Build configuration list for PBXProject "avro" */ = {
			isa = XCConfigurationList;
			buildConfigurations = (
				936B62F514D49BBD00CDE104 /* Debug */,
				936B62F614D49BBD00CDE104 /* Release */,
			);
			defaultConfigurationIsVisible = 0;
			defaultConfigurationName = Release;
		};
		93B583D014E462720088216E /* Build configuration list for PBXNativeTarget "avro" */ = {
			isa = XCConfigurationList;
			buildConfigurations = (
				93B583D114E462720088216E /* Debug */,
				93B583D214E462720088216E /* Release */,
			);
			defaultConfigurationIsVisible = 0;
			defaultConfigurationName = Release;
		};
		93C9F7F214E465B6004B2251 /* Build configuration list for PBXAggregateTarget "avro Universal Framework" */ = {
			isa = XCConfigurationList;
			buildConfigurations = (
				93C9F7F314E465B6004B2251 /* Debug */,
				93C9F7F414E465B6004B2251 /* Release */,
			);
			defaultConfigurationIsVisible = 0;
			defaultConfigurationName = Release;
		};
/* End XCConfigurationList section */
	};
	rootObject = 936B62CA14D49BBD00CDE104 /* Project object */;
}
